// !$*UTF8*$!
{
	archiveVersion = 1;
	classes = {
	};
	objectVersion = 55;
	objects = {

/* Begin PBXBuildFile section */
		58DE101C283CA87F002CDB9F /* SoundCard.swift in Sources */ = {isa = PBXBuildFile; fileRef = 58DE101B283CA87F002CDB9F /* SoundCard.swift */; };
		58DE61832839C13900F25769 /* LullabyRecipeApp.swift in Sources */ = {isa = PBXBuildFile; fileRef = 58DE61822839C13900F25769 /* LullabyRecipeApp.swift */; };
		58DE61852839C13900F25769 /* ContentView.swift in Sources */ = {isa = PBXBuildFile; fileRef = 58DE61842839C13900F25769 /* ContentView.swift */; };
		58DE61872839C13A00F25769 /* Assets.xcassets in Resources */ = {isa = PBXBuildFile; fileRef = 58DE61862839C13A00F25769 /* Assets.xcassets */; };
		58DE618A2839C13A00F25769 /* Preview Assets.xcassets in Resources */ = {isa = PBXBuildFile; fileRef = 58DE61892839C13A00F25769 /* Preview Assets.xcassets */; };
		58DE61942839C13B00F25769 /* LullabyRecipeTests.swift in Sources */ = {isa = PBXBuildFile; fileRef = 58DE61932839C13B00F25769 /* LullabyRecipeTests.swift */; };
		58DE619E2839C13B00F25769 /* LullabyRecipeUITests.swift in Sources */ = {isa = PBXBuildFile; fileRef = 58DE619D2839C13B00F25769 /* LullabyRecipeUITests.swift */; };
		58DE61A02839C13B00F25769 /* LullabyRecipeUITestsLaunchTests.swift in Sources */ = {isa = PBXBuildFile; fileRef = 58DE619F2839C13B00F25769 /* LullabyRecipeUITestsLaunchTests.swift */; };
		58DE61AD283A892000F25769 /* Ocean_4.mp3 in Resources */ = {isa = PBXBuildFile; fileRef = 58DE61AC283A892000F25769 /* Ocean_4.mp3 */; };
		58DE61AF283A8C8B00F25769 /* Kitchen.swift in Sources */ = {isa = PBXBuildFile; fileRef = 58DE61AE283A8C8B00F25769 /* Kitchen.swift */; };
		58DE61B2283A8E1700F25769 /* Fresh.swift in Sources */ = {isa = PBXBuildFile; fileRef = 58DE61B1283A8E1700F25769 /* Fresh.swift */; };
		58DE61B4283A8E4500F25769 /* Recipe.swift in Sources */ = {isa = PBXBuildFile; fileRef = 58DE61B3283A8E4500F25769 /* Recipe.swift */; };
		58DE61B7283A932E00F25769 /* Music.swift in Sources */ = {isa = PBXBuildFile; fileRef = 58DE61B6283A932E00F25769 /* Music.swift */; };
		58DE61B9283A937000F25769 /* Home.swift in Sources */ = {isa = PBXBuildFile; fileRef = 58DE61B8283A937000F25769 /* Home.swift */; };
		58DE61BB283A9EE800F25769 /* Chinese_Gong.mp3 in Resources */ = {isa = PBXBuildFile; fileRef = 58DE61BA283A9EE800F25769 /* Chinese_Gong.mp3 */; };
/* End PBXBuildFile section */

/* Begin PBXContainerItemProxy section */
		58DE61902839C13B00F25769 /* PBXContainerItemProxy */ = {
			isa = PBXContainerItemProxy;
			containerPortal = 58DE61772839C13900F25769 /* Project object */;
			proxyType = 1;
			remoteGlobalIDString = 58DE617E2839C13900F25769;
			remoteInfo = LullabyRecipe;
		};
		58DE619A2839C13B00F25769 /* PBXContainerItemProxy */ = {
			isa = PBXContainerItemProxy;
			containerPortal = 58DE61772839C13900F25769 /* Project object */;
			proxyType = 1;
			remoteGlobalIDString = 58DE617E2839C13900F25769;
			remoteInfo = LullabyRecipe;
		};
/* End PBXContainerItemProxy section */

/* Begin PBXFileReference section */
		58DE101B283CA87F002CDB9F /* SoundCard.swift */ = {isa = PBXFileReference; lastKnownFileType = sourcecode.swift; path = SoundCard.swift; sourceTree = "<group>"; };
		58DE617F2839C13900F25769 /* LullabyRecipe.app */ = {isa = PBXFileReference; explicitFileType = wrapper.application; includeInIndex = 0; path = LullabyRecipe.app; sourceTree = BUILT_PRODUCTS_DIR; };
		58DE61822839C13900F25769 /* LullabyRecipeApp.swift */ = {isa = PBXFileReference; lastKnownFileType = sourcecode.swift; path = LullabyRecipeApp.swift; sourceTree = "<group>"; };
		58DE61842839C13900F25769 /* ContentView.swift */ = {isa = PBXFileReference; lastKnownFileType = sourcecode.swift; path = ContentView.swift; sourceTree = "<group>"; };
		58DE61862839C13A00F25769 /* Assets.xcassets */ = {isa = PBXFileReference; lastKnownFileType = folder.assetcatalog; path = Assets.xcassets; sourceTree = "<group>"; };
		58DE61892839C13A00F25769 /* Preview Assets.xcassets */ = {isa = PBXFileReference; lastKnownFileType = folder.assetcatalog; path = "Preview Assets.xcassets"; sourceTree = "<group>"; };
		58DE618F2839C13B00F25769 /* LullabyRecipeTests.xctest */ = {isa = PBXFileReference; explicitFileType = wrapper.cfbundle; includeInIndex = 0; path = LullabyRecipeTests.xctest; sourceTree = BUILT_PRODUCTS_DIR; };
		58DE61932839C13B00F25769 /* LullabyRecipeTests.swift */ = {isa = PBXFileReference; lastKnownFileType = sourcecode.swift; path = LullabyRecipeTests.swift; sourceTree = "<group>"; };
		58DE61992839C13B00F25769 /* LullabyRecipeUITests.xctest */ = {isa = PBXFileReference; explicitFileType = wrapper.cfbundle; includeInIndex = 0; path = LullabyRecipeUITests.xctest; sourceTree = BUILT_PRODUCTS_DIR; };
		58DE619D2839C13B00F25769 /* LullabyRecipeUITests.swift */ = {isa = PBXFileReference; lastKnownFileType = sourcecode.swift; path = LullabyRecipeUITests.swift; sourceTree = "<group>"; };
		58DE619F2839C13B00F25769 /* LullabyRecipeUITestsLaunchTests.swift */ = {isa = PBXFileReference; lastKnownFileType = sourcecode.swift; path = LullabyRecipeUITestsLaunchTests.swift; sourceTree = "<group>"; };
		58DE61AC283A892000F25769 /* Ocean_4.mp3 */ = {isa = PBXFileReference; lastKnownFileType = audio.mp3; path = Ocean_4.mp3; sourceTree = "<group>"; };
		58DE61AE283A8C8B00F25769 /* Kitchen.swift */ = {isa = PBXFileReference; lastKnownFileType = sourcecode.swift; path = Kitchen.swift; sourceTree = "<group>"; };
		58DE61B1283A8E1700F25769 /* Fresh.swift */ = {isa = PBXFileReference; lastKnownFileType = sourcecode.swift; path = Fresh.swift; sourceTree = "<group>"; };
		58DE61B3283A8E4500F25769 /* Recipe.swift */ = {isa = PBXFileReference; lastKnownFileType = sourcecode.swift; path = Recipe.swift; sourceTree = "<group>"; };
		58DE61B6283A932E00F25769 /* Music.swift */ = {isa = PBXFileReference; lastKnownFileType = sourcecode.swift; path = Music.swift; sourceTree = "<group>"; };
		58DE61B8283A937000F25769 /* Home.swift */ = {isa = PBXFileReference; lastKnownFileType = sourcecode.swift; path = Home.swift; sourceTree = "<group>"; };
		58DE61BA283A9EE800F25769 /* Chinese_Gong.mp3 */ = {isa = PBXFileReference; lastKnownFileType = audio.mp3; path = Chinese_Gong.mp3; sourceTree = "<group>"; };
/* End PBXFileReference section */

/* Begin PBXFrameworksBuildPhase section */
		58DE617C2839C13900F25769 /* Frameworks */ = {
			isa = PBXFrameworksBuildPhase;
			buildActionMask = 2147483647;
			files = (
			);
			runOnlyForDeploymentPostprocessing = 0;
		};
		58DE618C2839C13B00F25769 /* Frameworks */ = {
			isa = PBXFrameworksBuildPhase;
			buildActionMask = 2147483647;
			files = (
			);
			runOnlyForDeploymentPostprocessing = 0;
		};
		58DE61962839C13B00F25769 /* Frameworks */ = {
			isa = PBXFrameworksBuildPhase;
			buildActionMask = 2147483647;
			files = (
			);
			runOnlyForDeploymentPostprocessing = 0;
		};
/* End PBXFrameworksBuildPhase section */

/* Begin PBXGroup section */
		58DE61762839C13900F25769 = {
			isa = PBXGroup;
			children = (
				58DE61AC283A892000F25769 /* Ocean_4.mp3 */,
				58DE61BA283A9EE800F25769 /* Chinese_Gong.mp3 */,
				58DE61812839C13900F25769 /* LullabyRecipe */,
				58DE61922839C13B00F25769 /* LullabyRecipeTests */,
				58DE619C2839C13B00F25769 /* LullabyRecipeUITests */,
				58DE61802839C13900F25769 /* Products */,
			);
			sourceTree = "<group>";
		};
		58DE61802839C13900F25769 /* Products */ = {
			isa = PBXGroup;
			children = (
				58DE617F2839C13900F25769 /* LullabyRecipe.app */,
				58DE618F2839C13B00F25769 /* LullabyRecipeTests.xctest */,
				58DE61992839C13B00F25769 /* LullabyRecipeUITests.xctest */,
			);
			name = Products;
			sourceTree = "<group>";
		};
		58DE61812839C13900F25769 /* LullabyRecipe */ = {
			isa = PBXGroup;
			children = (
				58DE61842839C13900F25769 /* ContentView.swift */,
				58DE61B5283A8F4500F25769 /* Views */,
				58DE61B0283A8E0700F25769 /* Model */,
				58DE61822839C13900F25769 /* LullabyRecipeApp.swift */,
				58DE61862839C13A00F25769 /* Assets.xcassets */,
				58DE61882839C13A00F25769 /* Preview Content */,
			);
			path = LullabyRecipe;
			sourceTree = "<group>";
		};
		58DE61882839C13A00F25769 /* Preview Content */ = {
			isa = PBXGroup;
			children = (
				58DE61892839C13A00F25769 /* Preview Assets.xcassets */,
			);
			path = "Preview Content";
			sourceTree = "<group>";
		};
		58DE61922839C13B00F25769 /* LullabyRecipeTests */ = {
			isa = PBXGroup;
			children = (
				58DE61932839C13B00F25769 /* LullabyRecipeTests.swift */,
			);
			path = LullabyRecipeTests;
			sourceTree = "<group>";
		};
		58DE619C2839C13B00F25769 /* LullabyRecipeUITests */ = {
			isa = PBXGroup;
			children = (
				58DE619D2839C13B00F25769 /* LullabyRecipeUITests.swift */,
				58DE619F2839C13B00F25769 /* LullabyRecipeUITestsLaunchTests.swift */,
			);
			path = LullabyRecipeUITests;
			sourceTree = "<group>";
		};
		58DE61B0283A8E0700F25769 /* Model */ = {
			isa = PBXGroup;
			children = (
				58DE61B1283A8E1700F25769 /* Fresh.swift */,
				58DE61B3283A8E4500F25769 /* Recipe.swift */,
			);
			path = Model;
			sourceTree = "<group>";
		};
		58DE61B5283A8F4500F25769 /* Views */ = {
			isa = PBXGroup;
			children = (
				58DE61B8283A937000F25769 /* Home.swift */,
				58DE61AE283A8C8B00F25769 /* Kitchen.swift */,
				58DE61B6283A932E00F25769 /* Music.swift */,
				58DE101B283CA87F002CDB9F /* SoundCard.swift */,
			);
			path = Views;
			sourceTree = "<group>";
		};
/* End PBXGroup section */

/* Begin PBXNativeTarget section */
		58DE617E2839C13900F25769 /* LullabyRecipe */ = {
			isa = PBXNativeTarget;
			buildConfigurationList = 58DE61A32839C13B00F25769 /* Build configuration list for PBXNativeTarget "LullabyRecipe" */;
			buildPhases = (
				58DE617B2839C13900F25769 /* Sources */,
				58DE617C2839C13900F25769 /* Frameworks */,
				58DE617D2839C13900F25769 /* Resources */,
			);
			buildRules = (
			);
			dependencies = (
			);
			name = LullabyRecipe;
			productName = LullabyRecipe;
			productReference = 58DE617F2839C13900F25769 /* LullabyRecipe.app */;
			productType = "com.apple.product-type.application";
		};
		58DE618E2839C13B00F25769 /* LullabyRecipeTests */ = {
			isa = PBXNativeTarget;
			buildConfigurationList = 58DE61A62839C13B00F25769 /* Build configuration list for PBXNativeTarget "LullabyRecipeTests" */;
			buildPhases = (
				58DE618B2839C13B00F25769 /* Sources */,
				58DE618C2839C13B00F25769 /* Frameworks */,
				58DE618D2839C13B00F25769 /* Resources */,
			);
			buildRules = (
			);
			dependencies = (
				58DE61912839C13B00F25769 /* PBXTargetDependency */,
			);
			name = LullabyRecipeTests;
			productName = LullabyRecipeTests;
			productReference = 58DE618F2839C13B00F25769 /* LullabyRecipeTests.xctest */;
			productType = "com.apple.product-type.bundle.unit-test";
		};
		58DE61982839C13B00F25769 /* LullabyRecipeUITests */ = {
			isa = PBXNativeTarget;
			buildConfigurationList = 58DE61A92839C13B00F25769 /* Build configuration list for PBXNativeTarget "LullabyRecipeUITests" */;
			buildPhases = (
				58DE61952839C13B00F25769 /* Sources */,
				58DE61962839C13B00F25769 /* Frameworks */,
				58DE61972839C13B00F25769 /* Resources */,
			);
			buildRules = (
			);
			dependencies = (
				58DE619B2839C13B00F25769 /* PBXTargetDependency */,
			);
			name = LullabyRecipeUITests;
			productName = LullabyRecipeUITests;
			productReference = 58DE61992839C13B00F25769 /* LullabyRecipeUITests.xctest */;
			productType = "com.apple.product-type.bundle.ui-testing";
		};
/* End PBXNativeTarget section */

/* Begin PBXProject section */
		58DE61772839C13900F25769 /* Project object */ = {
			isa = PBXProject;
			attributes = {
				BuildIndependentTargetsInParallel = 1;
				LastSwiftUpdateCheck = 1340;
				LastUpgradeCheck = 1340;
				TargetAttributes = {
					58DE617E2839C13900F25769 = {
						CreatedOnToolsVersion = 13.4;
					};
					58DE618E2839C13B00F25769 = {
						CreatedOnToolsVersion = 13.4;
						TestTargetID = 58DE617E2839C13900F25769;
					};
					58DE61982839C13B00F25769 = {
						CreatedOnToolsVersion = 13.4;
						TestTargetID = 58DE617E2839C13900F25769;
					};
				};
			};
			buildConfigurationList = 58DE617A2839C13900F25769 /* Build configuration list for PBXProject "LullabyRecipe" */;
			compatibilityVersion = "Xcode 13.0";
			developmentRegion = en;
			hasScannedForEncodings = 0;
			knownRegions = (
				en,
				Base,
			);
			mainGroup = 58DE61762839C13900F25769;
			productRefGroup = 58DE61802839C13900F25769 /* Products */;
			projectDirPath = "";
			projectRoot = "";
			targets = (
				58DE617E2839C13900F25769 /* LullabyRecipe */,
				58DE618E2839C13B00F25769 /* LullabyRecipeTests */,
				58DE61982839C13B00F25769 /* LullabyRecipeUITests */,
			);
		};
/* End PBXProject section */

/* Begin PBXResourcesBuildPhase section */
		58DE617D2839C13900F25769 /* Resources */ = {
			isa = PBXResourcesBuildPhase;
			buildActionMask = 2147483647;
			files = (
				58DE61AD283A892000F25769 /* Ocean_4.mp3 in Resources */,
				58DE618A2839C13A00F25769 /* Preview Assets.xcassets in Resources */,
				58DE61872839C13A00F25769 /* Assets.xcassets in Resources */,
				58DE61BB283A9EE800F25769 /* Chinese_Gong.mp3 in Resources */,
			);
			runOnlyForDeploymentPostprocessing = 0;
		};
		58DE618D2839C13B00F25769 /* Resources */ = {
			isa = PBXResourcesBuildPhase;
			buildActionMask = 2147483647;
			files = (
			);
			runOnlyForDeploymentPostprocessing = 0;
		};
		58DE61972839C13B00F25769 /* Resources */ = {
			isa = PBXResourcesBuildPhase;
			buildActionMask = 2147483647;
			files = (
			);
			runOnlyForDeploymentPostprocessing = 0;
		};
/* End PBXResourcesBuildPhase section */

/* Begin PBXSourcesBuildPhase section */
		58DE617B2839C13900F25769 /* Sources */ = {
			isa = PBXSourcesBuildPhase;
			buildActionMask = 2147483647;
			files = (
				58DE61852839C13900F25769 /* ContentView.swift in Sources */,
				58DE61AF283A8C8B00F25769 /* Kitchen.swift in Sources */,
				58DE61B2283A8E1700F25769 /* Fresh.swift in Sources */,
				58DE61832839C13900F25769 /* LullabyRecipeApp.swift in Sources */,
				58DE61B4283A8E4500F25769 /* Recipe.swift in Sources */,
				58DE101C283CA87F002CDB9F /* SoundCard.swift in Sources */,
				58DE61B7283A932E00F25769 /* Music.swift in Sources */,
				58DE61B9283A937000F25769 /* Home.swift in Sources */,
			);
			runOnlyForDeploymentPostprocessing = 0;
		};
		58DE618B2839C13B00F25769 /* Sources */ = {
			isa = PBXSourcesBuildPhase;
			buildActionMask = 2147483647;
			files = (
				58DE61942839C13B00F25769 /* LullabyRecipeTests.swift in Sources */,
			);
			runOnlyForDeploymentPostprocessing = 0;
		};
		58DE61952839C13B00F25769 /* Sources */ = {
			isa = PBXSourcesBuildPhase;
			buildActionMask = 2147483647;
			files = (
				58DE61A02839C13B00F25769 /* LullabyRecipeUITestsLaunchTests.swift in Sources */,
				58DE619E2839C13B00F25769 /* LullabyRecipeUITests.swift in Sources */,
			);
			runOnlyForDeploymentPostprocessing = 0;
		};
/* End PBXSourcesBuildPhase section */

/* Begin PBXTargetDependency section */
		58DE61912839C13B00F25769 /* PBXTargetDependency */ = {
			isa = PBXTargetDependency;
			target = 58DE617E2839C13900F25769 /* LullabyRecipe */;
			targetProxy = 58DE61902839C13B00F25769 /* PBXContainerItemProxy */;
		};
		58DE619B2839C13B00F25769 /* PBXTargetDependency */ = {
			isa = PBXTargetDependency;
			target = 58DE617E2839C13900F25769 /* LullabyRecipe */;
			targetProxy = 58DE619A2839C13B00F25769 /* PBXContainerItemProxy */;
		};
/* End PBXTargetDependency section */

/* Begin XCBuildConfiguration section */
		58DE61A12839C13B00F25769 /* Debug */ = {
			isa = XCBuildConfiguration;
			buildSettings = {
				ALWAYS_SEARCH_USER_PATHS = NO;
				CLANG_ANALYZER_NONNULL = YES;
				CLANG_ANALYZER_NUMBER_OBJECT_CONVERSION = YES_AGGRESSIVE;
				CLANG_CXX_LANGUAGE_STANDARD = "gnu++17";
				CLANG_ENABLE_MODULES = YES;
				CLANG_ENABLE_OBJC_ARC = YES;
				CLANG_ENABLE_OBJC_WEAK = YES;
				CLANG_WARN_BLOCK_CAPTURE_AUTORELEASING = YES;
				CLANG_WARN_BOOL_CONVERSION = YES;
				CLANG_WARN_COMMA = YES;
				CLANG_WARN_CONSTANT_CONVERSION = YES;
				CLANG_WARN_DEPRECATED_OBJC_IMPLEMENTATIONS = YES;
				CLANG_WARN_DIRECT_OBJC_ISA_USAGE = YES_ERROR;
				CLANG_WARN_DOCUMENTATION_COMMENTS = YES;
				CLANG_WARN_EMPTY_BODY = YES;
				CLANG_WARN_ENUM_CONVERSION = YES;
				CLANG_WARN_INFINITE_RECURSION = YES;
				CLANG_WARN_INT_CONVERSION = YES;
				CLANG_WARN_NON_LITERAL_NULL_CONVERSION = YES;
				CLANG_WARN_OBJC_IMPLICIT_RETAIN_SELF = YES;
				CLANG_WARN_OBJC_LITERAL_CONVERSION = YES;
				CLANG_WARN_OBJC_ROOT_CLASS = YES_ERROR;
				CLANG_WARN_QUOTED_INCLUDE_IN_FRAMEWORK_HEADER = YES;
				CLANG_WARN_RANGE_LOOP_ANALYSIS = YES;
				CLANG_WARN_STRICT_PROTOTYPES = YES;
				CLANG_WARN_SUSPICIOUS_MOVE = YES;
				CLANG_WARN_UNGUARDED_AVAILABILITY = YES_AGGRESSIVE;
				CLANG_WARN_UNREACHABLE_CODE = YES;
				CLANG_WARN__DUPLICATE_METHOD_MATCH = YES;
				COPY_PHASE_STRIP = NO;
				DEBUG_INFORMATION_FORMAT = dwarf;
				ENABLE_STRICT_OBJC_MSGSEND = YES;
				ENABLE_TESTABILITY = YES;
				GCC_C_LANGUAGE_STANDARD = gnu11;
				GCC_DYNAMIC_NO_PIC = NO;
				GCC_NO_COMMON_BLOCKS = YES;
				GCC_OPTIMIZATION_LEVEL = 0;
				GCC_PREPROCESSOR_DEFINITIONS = (
					"DEBUG=1",
					"$(inherited)",
				);
				GCC_WARN_64_TO_32_BIT_CONVERSION = YES;
				GCC_WARN_ABOUT_RETURN_TYPE = YES_ERROR;
				GCC_WARN_UNDECLARED_SELECTOR = YES;
				GCC_WARN_UNINITIALIZED_AUTOS = YES_AGGRESSIVE;
				GCC_WARN_UNUSED_FUNCTION = YES;
				GCC_WARN_UNUSED_VARIABLE = YES;
				IPHONEOS_DEPLOYMENT_TARGET = 15.0;
				MTL_ENABLE_DEBUG_INFO = INCLUDE_SOURCE;
				MTL_FAST_MATH = YES;
				ONLY_ACTIVE_ARCH = YES;
				SDKROOT = iphoneos;
				SWIFT_ACTIVE_COMPILATION_CONDITIONS = DEBUG;
				SWIFT_OPTIMIZATION_LEVEL = "-Onone";
			};
			name = Debug;
		};
		58DE61A22839C13B00F25769 /* Release */ = {
			isa = XCBuildConfiguration;
			buildSettings = {
				ALWAYS_SEARCH_USER_PATHS = NO;
				CLANG_ANALYZER_NONNULL = YES;
				CLANG_ANALYZER_NUMBER_OBJECT_CONVERSION = YES_AGGRESSIVE;
				CLANG_CXX_LANGUAGE_STANDARD = "gnu++17";
				CLANG_ENABLE_MODULES = YES;
				CLANG_ENABLE_OBJC_ARC = YES;
				CLANG_ENABLE_OBJC_WEAK = YES;
				CLANG_WARN_BLOCK_CAPTURE_AUTORELEASING = YES;
				CLANG_WARN_BOOL_CONVERSION = YES;
				CLANG_WARN_COMMA = YES;
				CLANG_WARN_CONSTANT_CONVERSION = YES;
				CLANG_WARN_DEPRECATED_OBJC_IMPLEMENTATIONS = YES;
				CLANG_WARN_DIRECT_OBJC_ISA_USAGE = YES_ERROR;
				CLANG_WARN_DOCUMENTATION_COMMENTS = YES;
				CLANG_WARN_EMPTY_BODY = YES;
				CLANG_WARN_ENUM_CONVERSION = YES;
				CLANG_WARN_INFINITE_RECURSION = YES;
				CLANG_WARN_INT_CONVERSION = YES;
				CLANG_WARN_NON_LITERAL_NULL_CONVERSION = YES;
				CLANG_WARN_OBJC_IMPLICIT_RETAIN_SELF = YES;
				CLANG_WARN_OBJC_LITERAL_CONVERSION = YES;
				CLANG_WARN_OBJC_ROOT_CLASS = YES_ERROR;
				CLANG_WARN_QUOTED_INCLUDE_IN_FRAMEWORK_HEADER = YES;
				CLANG_WARN_RANGE_LOOP_ANALYSIS = YES;
				CLANG_WARN_STRICT_PROTOTYPES = YES;
				CLANG_WARN_SUSPICIOUS_MOVE = YES;
				CLANG_WARN_UNGUARDED_AVAILABILITY = YES_AGGRESSIVE;
				CLANG_WARN_UNREACHABLE_CODE = YES;
				CLANG_WARN__DUPLICATE_METHOD_MATCH = YES;
				COPY_PHASE_STRIP = NO;
				DEBUG_INFORMATION_FORMAT = "dwarf-with-dsym";
				ENABLE_NS_ASSERTIONS = NO;
				ENABLE_STRICT_OBJC_MSGSEND = YES;
				GCC_C_LANGUAGE_STANDARD = gnu11;
				GCC_NO_COMMON_BLOCKS = YES;
				GCC_WARN_64_TO_32_BIT_CONVERSION = YES;
				GCC_WARN_ABOUT_RETURN_TYPE = YES_ERROR;
				GCC_WARN_UNDECLARED_SELECTOR = YES;
				GCC_WARN_UNINITIALIZED_AUTOS = YES_AGGRESSIVE;
				GCC_WARN_UNUSED_FUNCTION = YES;
				GCC_WARN_UNUSED_VARIABLE = YES;
				IPHONEOS_DEPLOYMENT_TARGET = 15.0;
				MTL_ENABLE_DEBUG_INFO = NO;
				MTL_FAST_MATH = YES;
				SDKROOT = iphoneos;
				SWIFT_COMPILATION_MODE = wholemodule;
				SWIFT_OPTIMIZATION_LEVEL = "-O";
				VALIDATE_PRODUCT = YES;
			};
			name = Release;
		};
		58DE61A42839C13B00F25769 /* Debug */ = {
			isa = XCBuildConfiguration;
			buildSettings = {
				ASSETCATALOG_COMPILER_APPICON_NAME = AppIcon;
				ASSETCATALOG_COMPILER_GLOBAL_ACCENT_COLOR_NAME = AccentColor;
				CODE_SIGN_STYLE = Automatic;
				CURRENT_PROJECT_VERSION = 1;
				DEVELOPMENT_ASSET_PATHS = "\"LullabyRecipe/Preview Content\"";
				DEVELOPMENT_TEAM = QGAQ3AY3R3;
				ENABLE_PREVIEWS = YES;
				GENERATE_INFOPLIST_FILE = YES;
				INFOPLIST_KEY_UIApplicationSceneManifest_Generation = YES;
				INFOPLIST_KEY_UIApplicationSupportsIndirectInputEvents = YES;
				INFOPLIST_KEY_UILaunchScreen_Generation = YES;
				INFOPLIST_KEY_UISupportedInterfaceOrientations_iPad = "UIInterfaceOrientationPortrait UIInterfaceOrientationPortraitUpsideDown UIInterfaceOrientationLandscapeLeft UIInterfaceOrientationLandscapeRight";
				INFOPLIST_KEY_UISupportedInterfaceOrientations_iPhone = "UIInterfaceOrientationPortrait UIInterfaceOrientationLandscapeLeft UIInterfaceOrientationLandscapeRight";
				LD_RUNPATH_SEARCH_PATHS = (
					"$(inherited)",
					"@executable_path/Frameworks",
				);
				MARKETING_VERSION = 1.0;
				PRODUCT_BUNDLE_IDENTIFIER = com.leeo.LullabyRecipe;
				PRODUCT_NAME = "$(TARGET_NAME)";
				SWIFT_EMIT_LOC_STRINGS = YES;
				SWIFT_VERSION = 5.0;
				TARGETED_DEVICE_FAMILY = "1,2";
			};
			name = Debug;
		};
		58DE61A52839C13B00F25769 /* Release */ = {
			isa = XCBuildConfiguration;
			buildSettings = {
				ASSETCATALOG_COMPILER_APPICON_NAME = AppIcon;
				ASSETCATALOG_COMPILER_GLOBAL_ACCENT_COLOR_NAME = AccentColor;
				CODE_SIGN_STYLE = Automatic;
				CURRENT_PROJECT_VERSION = 1;
				DEVELOPMENT_ASSET_PATHS = "\"LullabyRecipe/Preview Content\"";
				DEVELOPMENT_TEAM = QGAQ3AY3R3;
				ENABLE_PREVIEWS = YES;
				GENERATE_INFOPLIST_FILE = YES;
				INFOPLIST_KEY_UIApplicationSceneManifest_Generation = YES;
				INFOPLIST_KEY_UIApplicationSupportsIndirectInputEvents = YES;
				INFOPLIST_KEY_UILaunchScreen_Generation = YES;
				INFOPLIST_KEY_UISupportedInterfaceOrientations_iPad = "UIInterfaceOrientationPortrait UIInterfaceOrientationPortraitUpsideDown UIInterfaceOrientationLandscapeLeft UIInterfaceOrientationLandscapeRight";
				INFOPLIST_KEY_UISupportedInterfaceOrientations_iPhone = "UIInterfaceOrientationPortrait UIInterfaceOrientationLandscapeLeft UIInterfaceOrientationLandscapeRight";
				LD_RUNPATH_SEARCH_PATHS = (
					"$(inherited)",
					"@executable_path/Frameworks",
				);
				MARKETING_VERSION = 1.0;
				PRODUCT_BUNDLE_IDENTIFIER = com.leeo.LullabyRecipe;
				PRODUCT_NAME = "$(TARGET_NAME)";
				SWIFT_EMIT_LOC_STRINGS = YES;
				SWIFT_VERSION = 5.0;
				TARGETED_DEVICE_FAMILY = "1,2";
			};
			name = Release;
		};
		58DE61A72839C13B00F25769 /* Debug */ = {
			isa = XCBuildConfiguration;
			buildSettings = {
				ALWAYS_EMBED_SWIFT_STANDARD_LIBRARIES = YES;
				BUNDLE_LOADER = "$(TEST_HOST)";
				CODE_SIGN_STYLE = Automatic;
				CURRENT_PROJECT_VERSION = 1;
				DEVELOPMENT_TEAM = QGAQ3AY3R3;
				GENERATE_INFOPLIST_FILE = YES;
				IPHONEOS_DEPLOYMENT_TARGET = 15.5;
				MARKETING_VERSION = 1.0;
				PRODUCT_BUNDLE_IDENTIFIER = com.leeo.LullabyRecipeTests;
				PRODUCT_NAME = "$(TARGET_NAME)";
				SWIFT_EMIT_LOC_STRINGS = NO;
				SWIFT_VERSION = 5.0;
				TARGETED_DEVICE_FAMILY = "1,2";
				TEST_HOST = "$(BUILT_PRODUCTS_DIR)/LullabyRecipe.app/LullabyRecipe";
			};
			name = Debug;
		};
		58DE61A82839C13B00F25769 /* Release */ = {
			isa = XCBuildConfiguration;
			buildSettings = {
				ALWAYS_EMBED_SWIFT_STANDARD_LIBRARIES = YES;
				BUNDLE_LOADER = "$(TEST_HOST)";
				CODE_SIGN_STYLE = Automatic;
				CURRENT_PROJECT_VERSION = 1;
				DEVELOPMENT_TEAM = QGAQ3AY3R3;
				GENERATE_INFOPLIST_FILE = YES;
				IPHONEOS_DEPLOYMENT_TARGET = 15.5;
				MARKETING_VERSION = 1.0;
				PRODUCT_BUNDLE_IDENTIFIER = com.leeo.LullabyRecipeTests;
				PRODUCT_NAME = "$(TARGET_NAME)";
				SWIFT_EMIT_LOC_STRINGS = NO;
				SWIFT_VERSION = 5.0;
				TARGETED_DEVICE_FAMILY = "1,2";
				TEST_HOST = "$(BUILT_PRODUCTS_DIR)/LullabyRecipe.app/LullabyRecipe";
			};
			name = Release;
		};
		58DE61AA2839C13B00F25769 /* Debug */ = {
			isa = XCBuildConfiguration;
			buildSettings = {
				ALWAYS_EMBED_SWIFT_STANDARD_LIBRARIES = YES;
				CODE_SIGN_STYLE = Automatic;
				CURRENT_PROJECT_VERSION = 1;
				DEVELOPMENT_TEAM = QGAQ3AY3R3;
				GENERATE_INFOPLIST_FILE = YES;
				MARKETING_VERSION = 1.0;
				PRODUCT_BUNDLE_IDENTIFIER = com.leeo.LullabyRecipeUITests;
				PRODUCT_NAME = "$(TARGET_NAME)";
				SWIFT_EMIT_LOC_STRINGS = NO;
				SWIFT_VERSION = 5.0;
				TARGETED_DEVICE_FAMILY = "1,2";
				TEST_TARGET_NAME = LullabyRecipe;
			};
			name = Debug;
		};
		58DE61AB2839C13B00F25769 /* Release */ = {
			isa = XCBuildConfiguration;
			buildSettings = {
				ALWAYS_EMBED_SWIFT_STANDARD_LIBRARIES = YES;
				CODE_SIGN_STYLE = Automatic;
				CURRENT_PROJECT_VERSION = 1;
				DEVELOPMENT_TEAM = QGAQ3AY3R3;
				GENERATE_INFOPLIST_FILE = YES;
				MARKETING_VERSION = 1.0;
				PRODUCT_BUNDLE_IDENTIFIER = com.leeo.LullabyRecipeUITests;
				PRODUCT_NAME = "$(TARGET_NAME)";
				SWIFT_EMIT_LOC_STRINGS = NO;
				SWIFT_VERSION = 5.0;
				TARGETED_DEVICE_FAMILY = "1,2";
				TEST_TARGET_NAME = LullabyRecipe;
			};
			name = Release;
		};
/* End XCBuildConfiguration section */

/* Begin XCConfigurationList section */
		58DE617A2839C13900F25769 /* Build configuration list for PBXProject "LullabyRecipe" */ = {
			isa = XCConfigurationList;
			buildConfigurations = (
				58DE61A12839C13B00F25769 /* Debug */,
				58DE61A22839C13B00F25769 /* Release */,
			);
			defaultConfigurationIsVisible = 0;
			defaultConfigurationName = Release;
		};
		58DE61A32839C13B00F25769 /* Build configuration list for PBXNativeTarget "LullabyRecipe" */ = {
			isa = XCConfigurationList;
			buildConfigurations = (
				58DE61A42839C13B00F25769 /* Debug */,
				58DE61A52839C13B00F25769 /* Release */,
			);
			defaultConfigurationIsVisible = 0;
			defaultConfigurationName = Release;
		};
		58DE61A62839C13B00F25769 /* Build configuration list for PBXNativeTarget "LullabyRecipeTests" */ = {
			isa = XCConfigurationList;
			buildConfigurations = (
				58DE61A72839C13B00F25769 /* Debug */,
				58DE61A82839C13B00F25769 /* Release */,
			);
			defaultConfigurationIsVisible = 0;
			defaultConfigurationName = Release;
		};
		58DE61A92839C13B00F25769 /* Build configuration list for PBXNativeTarget "LullabyRecipeUITests" */ = {
			isa = XCConfigurationList;
			buildConfigurations = (
				58DE61AA2839C13B00F25769 /* Debug */,
				58DE61AB2839C13B00F25769 /* Release */,
			);
			defaultConfigurationIsVisible = 0;
			defaultConfigurationName = Release;
		};
/* End XCConfigurationList section */
	};
	rootObject = 58DE61772839C13900F25769 /* Project object */;
}
