// !$*UTF8*$!
{
	archiveVersion = 1;
	classes = {
	};
	objectVersion = 55;
	objects = {

/* Begin PBXBuildFile section */
		102CCFFA289101AD00B97F8F /* TestNavigateView.swift in Sources */ = {isa = PBXBuildFile; fileRef = 102CCFF9289101AD00B97F8F /* TestNavigateView.swift */; };
		10D26712288EF4C80056339A /* CustomSegmentControlView.swift in Sources */ = {isa = PBXBuildFile; fileRef = 10D26711288EF4C80056339A /* CustomSegmentControlView.swift */; };
		10D26714288EF4D20056339A /* RectPreference.swift in Sources */ = {isa = PBXBuildFile; fileRef = 10D26713288EF4D20056339A /* RectPreference.swift */; };
		10D26716288EF4DB0056339A /* StudioView.swift in Sources */ = {isa = PBXBuildFile; fileRef = 10D26715288EF4DB0056339A /* StudioView.swift */; };
		4A5769AC2866F20A007CCAE9 /* MixedSound.swift in Sources */ = {isa = PBXBuildFile; fileRef = 4A5769AB2866F20A007CCAE9 /* MixedSound.swift */; };
		4A5769AE2866F44E007CCAE9 /* DummyData.swift in Sources */ = {isa = PBXBuildFile; fileRef = 4A5769AD2866F44E007CCAE9 /* DummyData.swift */; };
		4A5769B02866F6B5007CCAE9 /* UserDefaultsManager.swift in Sources */ = {isa = PBXBuildFile; fileRef = 4A5769AF2866F6B5007CCAE9 /* UserDefaultsManager.swift */; };
		580CADAA28659BEF0091946C /* LongSun.mp3 in Resources */ = {isa = PBXBuildFile; fileRef = 580CADA928659BEF0091946C /* LongSun.mp3 */; };
		580CADAC28659C990091946C /* SpaceMid.mp3 in Resources */ = {isa = PBXBuildFile; fileRef = 580CADAB28659C990091946C /* SpaceMid.mp3 */; };
		580CADB028659CF50091946C /* SpaceLow.mp3 in Resources */ = {isa = PBXBuildFile; fileRef = 580CADAD28659CF50091946C /* SpaceLow.mp3 */; };
		580CADB128659CF50091946C /* SpaceHigh.mp3 in Resources */ = {isa = PBXBuildFile; fileRef = 580CADAE28659CF50091946C /* SpaceHigh.mp3 */; };
		580CADB228659CF50091946C /* Oxygen.mp3 in Resources */ = {isa = PBXBuildFile; fileRef = 580CADAF28659CF50091946C /* Oxygen.mp3 */; };
		580CADB828659FAF0091946C /* Relaxing.mp3 in Resources */ = {isa = PBXBuildFile; fileRef = 580CADB328659FAE0091946C /* Relaxing.mp3 */; };
		580CADB928659FAF0091946C /* Wisdom.mp3 in Resources */ = {isa = PBXBuildFile; fileRef = 580CADB428659FAE0091946C /* Wisdom.mp3 */; };
		580CADBA28659FAF0091946C /* Ambient.mp3 in Resources */ = {isa = PBXBuildFile; fileRef = 580CADB528659FAE0091946C /* Ambient.mp3 */; };
		580CADBB28659FAF0091946C /* Garden.mp3 in Resources */ = {isa = PBXBuildFile; fileRef = 580CADB628659FAE0091946C /* Garden.mp3 */; };
		580CADBC28659FAF0091946C /* Gymnopedia.mp3 in Resources */ = {isa = PBXBuildFile; fileRef = 580CADB728659FAF0091946C /* Gymnopedia.mp3 */; };
		580CADC22865A3850091946C /* DryGrass.mp3 in Resources */ = {isa = PBXBuildFile; fileRef = 580CADBD2865A3850091946C /* DryGrass.mp3 */; };
		580CADC32865A3850091946C /* Stream.mp3 in Resources */ = {isa = PBXBuildFile; fileRef = 580CADBE2865A3850091946C /* Stream.mp3 */; };
		580CADC42865A3850091946C /* SummerField.mp3 in Resources */ = {isa = PBXBuildFile; fileRef = 580CADBF2865A3850091946C /* SummerField.mp3 */; };
		580CADC52865A3850091946C /* UmbrellaRain.mp3 in Resources */ = {isa = PBXBuildFile; fileRef = 580CADC02865A3850091946C /* UmbrellaRain.mp3 */; };
		580CADC62865A3850091946C /* Wave.mp3 in Resources */ = {isa = PBXBuildFile; fileRef = 580CADC12865A3850091946C /* Wave.mp3 */; };
		58DE101C283CA87F002CDB9F /* SoundCardView.swift in Sources */ = {isa = PBXBuildFile; fileRef = 58DE101B283CA87F002CDB9F /* SoundCardView.swift */; };
		58DE101E283DC913002CDB9F /* AudioManager.swift in Sources */ = {isa = PBXBuildFile; fileRef = 58DE101D283DC913002CDB9F /* AudioManager.swift */; };
		58DE1021283DD9DD002CDB9F /* MusicViewModel.swift in Sources */ = {isa = PBXBuildFile; fileRef = 58DE1020283DD9DD002CDB9F /* MusicViewModel.swift */; };
		58DE1032283DF6E7002CDB9F /* Static.swift in Sources */ = {isa = PBXBuildFile; fileRef = 58DE1031283DF6E7002CDB9F /* Static.swift */; };
		58DE1034283F1A0A002CDB9F /* CustomAlertView.swift in Sources */ = {isa = PBXBuildFile; fileRef = 58DE1033283F1A0A002CDB9F /* CustomAlertView.swift */; };
		58DE61832839C13900F25769 /* LullabyRecipeApp.swift in Sources */ = {isa = PBXBuildFile; fileRef = 58DE61822839C13900F25769 /* LullabyRecipeApp.swift */; };
		58DE61852839C13900F25769 /* CdLibraryView.swift in Sources */ = {isa = PBXBuildFile; fileRef = 58DE61842839C13900F25769 /* CdLibraryView.swift */; };
		58DE61872839C13A00F25769 /* Assets.xcassets in Resources */ = {isa = PBXBuildFile; fileRef = 58DE61862839C13A00F25769 /* Assets.xcassets */; };
		58DE618A2839C13A00F25769 /* Preview Assets.xcassets in Resources */ = {isa = PBXBuildFile; fileRef = 58DE61892839C13A00F25769 /* Preview Assets.xcassets */; };
		58DE61942839C13B00F25769 /* LullabyRecipeTests.swift in Sources */ = {isa = PBXBuildFile; fileRef = 58DE61932839C13B00F25769 /* LullabyRecipeTests.swift */; };
		58DE619E2839C13B00F25769 /* LullabyRecipeUITests.swift in Sources */ = {isa = PBXBuildFile; fileRef = 58DE619D2839C13B00F25769 /* LullabyRecipeUITests.swift */; };
		58DE61A02839C13B00F25769 /* LullabyRecipeUITestsLaunchTests.swift in Sources */ = {isa = PBXBuildFile; fileRef = 58DE619F2839C13B00F25769 /* LullabyRecipeUITestsLaunchTests.swift */; };
		58DE61AF283A8C8B00F25769 /* KitchenView.swift in Sources */ = {isa = PBXBuildFile; fileRef = 58DE61AE283A8C8B00F25769 /* KitchenView.swift */; };
		58DE61B2283A8E1700F25769 /* Sound.swift in Sources */ = {isa = PBXBuildFile; fileRef = 58DE61B1283A8E1700F25769 /* Sound.swift */; };
		58DE61B7283A932E00F25769 /* MusicView.swift in Sources */ = {isa = PBXBuildFile; fileRef = 58DE61B6283A932E00F25769 /* MusicView.swift */; };
		58DE61B9283A937000F25769 /* HomeView.swift in Sources */ = {isa = PBXBuildFile; fileRef = 58DE61B8283A937000F25769 /* HomeView.swift */; };
		58DE61BD283E542400F25769 /* MixedSoundCardView.swift in Sources */ = {isa = PBXBuildFile; fileRef = 58DE61BC283E542400F25769 /* MixedSoundCardView.swift */; };
		58DE61C22841C20A00F25769 /* Launch Screen.storyboard in Resources */ = {isa = PBXBuildFile; fileRef = 58DE61C12841C20A00F25769 /* Launch Screen.storyboard */; };
		58DE61C52841C54700F25769 /* OnboardingView.swift in Sources */ = {isa = PBXBuildFile; fileRef = 58DE61C42841C54700F25769 /* OnboardingView.swift */; };
		58DE61C72843100100F25769 /* VolumeControlView.swift in Sources */ = {isa = PBXBuildFile; fileRef = 58DE61C62843100100F25769 /* VolumeControlView.swift */; };
		CC2820482880102400587334 /* ViewModifiers.swift in Sources */ = {isa = PBXBuildFile; fileRef = CC2820472880102400587334 /* ViewModifiers.swift */; };
		CCA7F51E2877501E00D6A239 /* Localizable.strings in Resources */ = {isa = PBXBuildFile; fileRef = CCA7F5202877501E00D6A239 /* Localizable.strings */; };
		CCF0D9892887748500F61495 /* CustomTabView.swift in Sources */ = {isa = PBXBuildFile; fileRef = CCF0D9882887748500F61495 /* CustomTabView.swift */; };
/* End PBXBuildFile section */

/* Begin PBXContainerItemProxy section */
		58DE61902839C13B00F25769 /* PBXContainerItemProxy */ = {
			isa = PBXContainerItemProxy;
			containerPortal = 58DE61772839C13900F25769 /* Project object */;
			proxyType = 1;
			remoteGlobalIDString = 58DE617E2839C13900F25769;
			remoteInfo = LullabyRecipe;
		};
		58DE619A2839C13B00F25769 /* PBXContainerItemProxy */ = {
			isa = PBXContainerItemProxy;
			containerPortal = 58DE61772839C13900F25769 /* Project object */;
			proxyType = 1;
			remoteGlobalIDString = 58DE617E2839C13900F25769;
			remoteInfo = LullabyRecipe;
		};
/* End PBXContainerItemProxy section */

/* Begin PBXFileReference section */
		102CCFF9289101AD00B97F8F /* TestNavigateView.swift */ = {isa = PBXFileReference; lastKnownFileType = sourcecode.swift; path = TestNavigateView.swift; sourceTree = "<group>"; };
		10D26711288EF4C80056339A /* CustomSegmentControlView.swift */ = {isa = PBXFileReference; fileEncoding = 4; lastKnownFileType = sourcecode.swift; path = CustomSegmentControlView.swift; sourceTree = "<group>"; };
		10D26713288EF4D20056339A /* RectPreference.swift */ = {isa = PBXFileReference; fileEncoding = 4; lastKnownFileType = sourcecode.swift; path = RectPreference.swift; sourceTree = "<group>"; };
		10D26715288EF4DB0056339A /* StudioView.swift */ = {isa = PBXFileReference; fileEncoding = 4; lastKnownFileType = sourcecode.swift; path = StudioView.swift; sourceTree = "<group>"; };
		2150BD0E2876CB89006C8312 /* CustomTabView.swift */ = {isa = PBXFileReference; lastKnownFileType = sourcecode.swift; path = CustomTabView.swift; sourceTree = "<group>"; };
		4A5769AB2866F20A007CCAE9 /* MixedSound.swift */ = {isa = PBXFileReference; lastKnownFileType = sourcecode.swift; path = MixedSound.swift; sourceTree = "<group>"; };
		4A5769AD2866F44E007CCAE9 /* DummyData.swift */ = {isa = PBXFileReference; lastKnownFileType = sourcecode.swift; path = DummyData.swift; sourceTree = "<group>"; };
		4A5769AF2866F6B5007CCAE9 /* UserDefaultsManager.swift */ = {isa = PBXFileReference; lastKnownFileType = sourcecode.swift; path = UserDefaultsManager.swift; sourceTree = "<group>"; };
		580CADA928659BEF0091946C /* LongSun.mp3 */ = {isa = PBXFileReference; lastKnownFileType = audio.mp3; path = LongSun.mp3; sourceTree = "<group>"; };
		580CADAB28659C990091946C /* SpaceMid.mp3 */ = {isa = PBXFileReference; lastKnownFileType = audio.mp3; path = SpaceMid.mp3; sourceTree = "<group>"; };
		580CADAD28659CF50091946C /* SpaceLow.mp3 */ = {isa = PBXFileReference; lastKnownFileType = audio.mp3; path = SpaceLow.mp3; sourceTree = "<group>"; };
		580CADAE28659CF50091946C /* SpaceHigh.mp3 */ = {isa = PBXFileReference; lastKnownFileType = audio.mp3; path = SpaceHigh.mp3; sourceTree = "<group>"; };
		580CADAF28659CF50091946C /* Oxygen.mp3 */ = {isa = PBXFileReference; lastKnownFileType = audio.mp3; path = Oxygen.mp3; sourceTree = "<group>"; };
		580CADB328659FAE0091946C /* Relaxing.mp3 */ = {isa = PBXFileReference; lastKnownFileType = audio.mp3; path = Relaxing.mp3; sourceTree = "<group>"; };
		580CADB428659FAE0091946C /* Wisdom.mp3 */ = {isa = PBXFileReference; lastKnownFileType = audio.mp3; path = Wisdom.mp3; sourceTree = "<group>"; };
		580CADB528659FAE0091946C /* Ambient.mp3 */ = {isa = PBXFileReference; lastKnownFileType = audio.mp3; path = Ambient.mp3; sourceTree = "<group>"; };
		580CADB628659FAE0091946C /* Garden.mp3 */ = {isa = PBXFileReference; lastKnownFileType = audio.mp3; path = Garden.mp3; sourceTree = "<group>"; };
		580CADB728659FAF0091946C /* Gymnopedia.mp3 */ = {isa = PBXFileReference; lastKnownFileType = audio.mp3; path = Gymnopedia.mp3; sourceTree = "<group>"; };
		580CADBD2865A3850091946C /* DryGrass.mp3 */ = {isa = PBXFileReference; lastKnownFileType = audio.mp3; path = DryGrass.mp3; sourceTree = "<group>"; };
		580CADBE2865A3850091946C /* Stream.mp3 */ = {isa = PBXFileReference; lastKnownFileType = audio.mp3; path = Stream.mp3; sourceTree = "<group>"; };
		580CADBF2865A3850091946C /* SummerField.mp3 */ = {isa = PBXFileReference; lastKnownFileType = audio.mp3; path = SummerField.mp3; sourceTree = "<group>"; };
		580CADC02865A3850091946C /* UmbrellaRain.mp3 */ = {isa = PBXFileReference; lastKnownFileType = audio.mp3; path = UmbrellaRain.mp3; sourceTree = "<group>"; };
		580CADC12865A3850091946C /* Wave.mp3 */ = {isa = PBXFileReference; lastKnownFileType = audio.mp3; path = Wave.mp3; sourceTree = "<group>"; };
		58DE101B283CA87F002CDB9F /* SoundCardView.swift */ = {isa = PBXFileReference; lastKnownFileType = sourcecode.swift; path = SoundCardView.swift; sourceTree = "<group>"; };
		58DE101D283DC913002CDB9F /* AudioManager.swift */ = {isa = PBXFileReference; lastKnownFileType = sourcecode.swift; path = AudioManager.swift; sourceTree = "<group>"; };
		58DE1020283DD9DD002CDB9F /* MusicViewModel.swift */ = {isa = PBXFileReference; lastKnownFileType = sourcecode.swift; path = MusicViewModel.swift; sourceTree = "<group>"; };
		58DE1031283DF6E7002CDB9F /* Static.swift */ = {isa = PBXFileReference; lastKnownFileType = sourcecode.swift; path = Static.swift; sourceTree = "<group>"; };
		58DE1033283F1A0A002CDB9F /* CustomAlertView.swift */ = {isa = PBXFileReference; lastKnownFileType = sourcecode.swift; path = CustomAlertView.swift; sourceTree = "<group>"; };
		58DE617F2839C13900F25769 /* LullabyRecipe.app */ = {isa = PBXFileReference; explicitFileType = wrapper.application; includeInIndex = 0; path = LullabyRecipe.app; sourceTree = BUILT_PRODUCTS_DIR; };
		58DE61822839C13900F25769 /* LullabyRecipeApp.swift */ = {isa = PBXFileReference; lastKnownFileType = sourcecode.swift; path = LullabyRecipeApp.swift; sourceTree = "<group>"; };
		58DE61842839C13900F25769 /* CdLibraryView.swift */ = {isa = PBXFileReference; lastKnownFileType = sourcecode.swift; path = CdLibraryView.swift; sourceTree = "<group>"; };
		58DE61862839C13A00F25769 /* Assets.xcassets */ = {isa = PBXFileReference; lastKnownFileType = folder.assetcatalog; path = Assets.xcassets; sourceTree = "<group>"; };
		58DE61892839C13A00F25769 /* Preview Assets.xcassets */ = {isa = PBXFileReference; lastKnownFileType = folder.assetcatalog; path = "Preview Assets.xcassets"; sourceTree = "<group>"; };
		58DE618F2839C13B00F25769 /* LullabyRecipeTests.xctest */ = {isa = PBXFileReference; explicitFileType = wrapper.cfbundle; includeInIndex = 0; path = LullabyRecipeTests.xctest; sourceTree = BUILT_PRODUCTS_DIR; };
		58DE61932839C13B00F25769 /* LullabyRecipeTests.swift */ = {isa = PBXFileReference; lastKnownFileType = sourcecode.swift; path = LullabyRecipeTests.swift; sourceTree = "<group>"; };
		58DE61992839C13B00F25769 /* LullabyRecipeUITests.xctest */ = {isa = PBXFileReference; explicitFileType = wrapper.cfbundle; includeInIndex = 0; path = LullabyRecipeUITests.xctest; sourceTree = BUILT_PRODUCTS_DIR; };
		58DE619D2839C13B00F25769 /* LullabyRecipeUITests.swift */ = {isa = PBXFileReference; lastKnownFileType = sourcecode.swift; path = LullabyRecipeUITests.swift; sourceTree = "<group>"; };
		58DE619F2839C13B00F25769 /* LullabyRecipeUITestsLaunchTests.swift */ = {isa = PBXFileReference; lastKnownFileType = sourcecode.swift; path = LullabyRecipeUITestsLaunchTests.swift; sourceTree = "<group>"; };
		58DE61AE283A8C8B00F25769 /* KitchenView.swift */ = {isa = PBXFileReference; lastKnownFileType = sourcecode.swift; path = KitchenView.swift; sourceTree = "<group>"; };
		58DE61B1283A8E1700F25769 /* Sound.swift */ = {isa = PBXFileReference; lastKnownFileType = sourcecode.swift; path = Sound.swift; sourceTree = "<group>"; };
		58DE61B3283A8E4500F25769 /* Recipe.swift */ = {isa = PBXFileReference; lastKnownFileType = sourcecode.swift; path = Recipe.swift; sourceTree = "<group>"; };
		58DE61B6283A932E00F25769 /* MusicView.swift */ = {isa = PBXFileReference; lastKnownFileType = sourcecode.swift; path = MusicView.swift; sourceTree = "<group>"; };
		58DE61B8283A937000F25769 /* HomeView.swift */ = {isa = PBXFileReference; lastKnownFileType = sourcecode.swift; path = HomeView.swift; sourceTree = "<group>"; };
		58DE61BC283E542400F25769 /* MixedSoundCardView.swift */ = {isa = PBXFileReference; lastKnownFileType = sourcecode.swift; path = MixedSoundCardView.swift; sourceTree = "<group>"; };
		58DE61BE283E77E700F25769 /* Info.plist */ = {isa = PBXFileReference; lastKnownFileType = text.plist; path = Info.plist; sourceTree = "<group>"; };
		58DE61C12841C20A00F25769 /* Launch Screen.storyboard */ = {isa = PBXFileReference; lastKnownFileType = file.storyboard; path = "Launch Screen.storyboard"; sourceTree = "<group>"; };
		58DE61C42841C54700F25769 /* OnboardingView.swift */ = {isa = PBXFileReference; lastKnownFileType = sourcecode.swift; name = OnboardingView.swift; path = LullabyRecipe/Views/Onboarding/OnboardingView.swift; sourceTree = SOURCE_ROOT; };
		58DE61C62843100100F25769 /* VolumeControlView.swift */ = {isa = PBXFileReference; lastKnownFileType = sourcecode.swift; path = VolumeControlView.swift; sourceTree = "<group>"; };
		CC2820472880102400587334 /* ViewModifiers.swift */ = {isa = PBXFileReference; lastKnownFileType = sourcecode.swift; path = ViewModifiers.swift; sourceTree = "<group>"; };
		CCA7F51F2877501E00D6A239 /* en */ = {isa = PBXFileReference; lastKnownFileType = text.plist.strings; name = en; path = en.lproj/Localizable.strings; sourceTree = "<group>"; };
		CCA7F5212877504200D6A239 /* ko */ = {isa = PBXFileReference; lastKnownFileType = text.plist.strings; name = ko; path = ko.lproj/Localizable.strings; sourceTree = "<group>"; };
		CCF0D9882887748500F61495 /* CustomTabView.swift */ = {isa = PBXFileReference; fileEncoding = 4; lastKnownFileType = sourcecode.swift; path = CustomTabView.swift; sourceTree = "<group>"; };
/* End PBXFileReference section */

/* Begin PBXFrameworksBuildPhase section */
		58DE617C2839C13900F25769 /* Frameworks */ = {
			isa = PBXFrameworksBuildPhase;
			buildActionMask = 2147483647;
			files = (
			);
			runOnlyForDeploymentPostprocessing = 0;
		};
		58DE618C2839C13B00F25769 /* Frameworks */ = {
			isa = PBXFrameworksBuildPhase;
			buildActionMask = 2147483647;
			files = (
			);
			runOnlyForDeploymentPostprocessing = 0;
		};
		58DE61962839C13B00F25769 /* Frameworks */ = {
			isa = PBXFrameworksBuildPhase;
			buildActionMask = 2147483647;
			files = (
			);
			runOnlyForDeploymentPostprocessing = 0;
		};
/* End PBXFrameworksBuildPhase section */

/* Begin PBXGroup section */
		583AA0EF284E0344005A0677 /* Onboarding */ = {
			isa = PBXGroup;
			children = (
				58DE61C42841C54700F25769 /* OnboardingView.swift */,
			);
			path = Onboarding;
			sourceTree = "<group>";
		};
		58DE101F283DD9CA002CDB9F /* Music */ = {
			isa = PBXGroup;
			children = (
				58DE61B6283A932E00F25769 /* MusicView.swift */,
				58DE1020283DD9DD002CDB9F /* MusicViewModel.swift */,
				58DE61C62843100100F25769 /* VolumeControlView.swift */,
			);
			path = Music;
			sourceTree = "<group>";
		};
		58DE1022283DF536002CDB9F /* Resource */ = {
			isa = PBXGroup;
			children = (
				58DE1025283DF54F002CDB9F /* Natural */,
				58DE1024283DF54A002CDB9F /* Melody */,
				58DE1023283DF53F002CDB9F /* Base */,
			);
			path = Resource;
			sourceTree = "<group>";
		};
		58DE1023283DF53F002CDB9F /* Base */ = {
			isa = PBXGroup;
			children = (
				580CADA928659BEF0091946C /* LongSun.mp3 */,
				580CADAF28659CF50091946C /* Oxygen.mp3 */,
				580CADAE28659CF50091946C /* SpaceHigh.mp3 */,
				580CADAD28659CF50091946C /* SpaceLow.mp3 */,
				580CADAB28659C990091946C /* SpaceMid.mp3 */,
			);
			path = Base;
			sourceTree = "<group>";
		};
		58DE1024283DF54A002CDB9F /* Melody */ = {
			isa = PBXGroup;
			children = (
				580CADB528659FAE0091946C /* Ambient.mp3 */,
				580CADB628659FAE0091946C /* Garden.mp3 */,
				580CADB728659FAF0091946C /* Gymnopedia.mp3 */,
				580CADB328659FAE0091946C /* Relaxing.mp3 */,
				580CADB428659FAE0091946C /* Wisdom.mp3 */,
			);
			path = Melody;
			sourceTree = "<group>";
		};
		58DE1025283DF54F002CDB9F /* Natural */ = {
			isa = PBXGroup;
			children = (
				580CADBD2865A3850091946C /* DryGrass.mp3 */,
				580CADBE2865A3850091946C /* Stream.mp3 */,
				580CADBF2865A3850091946C /* SummerField.mp3 */,
				580CADC02865A3850091946C /* UmbrellaRain.mp3 */,
				580CADC12865A3850091946C /* Wave.mp3 */,
			);
			path = Natural;
			sourceTree = "<group>";
		};
		58DE1030283DF6DA002CDB9F /* Utilities */ = {
			isa = PBXGroup;
			children = (
				58DE1031283DF6E7002CDB9F /* Static.swift */,
				CCA7F5202877501E00D6A239 /* Localizable.strings */,
				CC2820472880102400587334 /* ViewModifiers.swift */,
			);
			path = Utilities;
			sourceTree = "<group>";
		};
		58DE1035283F5193002CDB9F /* Manager */ = {
			isa = PBXGroup;
			children = (
				58DE101D283DC913002CDB9F /* AudioManager.swift */,
				4A5769AF2866F6B5007CCAE9 /* UserDefaultsManager.swift */,
			);
			path = Manager;
			sourceTree = "<group>";
		};
		58DE103828405C6C002CDB9F /* Kitchen */ = {
			isa = PBXGroup;
			children = (
                10D26713288EF4D20056339A /* RectPreference.swift */,
                10D26711288EF4C80056339A /* CustomSegmentControlView.swift */,
                58DE1033283F1A0A002CDB9F /* CustomAlertView.swift */,
				58DE61AE283A8C8B00F25769 /* KitchenView.swift */,
				58DE101B283CA87F002CDB9F /* SoundCardView.swift */,
				10D26715288EF4DB0056339A /* StudioView.swift */,
				102CCFF9289101AD00B97F8F /* TestNavigateView.swift */,
			);
			path = Kitchen;
			sourceTree = "<group>";
		};
		58DE103928405C7F002CDB9F /* Home */ = {
			isa = PBXGroup;
			children = (
				58DE61B8283A937000F25769 /* HomeView.swift */,
				58DE61BC283E542400F25769 /* MixedSoundCardView.swift */,
				58DE101F283DD9CA002CDB9F /* Music */,
			);
			path = Home;
			sourceTree = "<group>";
		};
		58DE61762839C13900F25769 = {
			isa = PBXGroup;
			children = (
				58DE61812839C13900F25769 /* LullabyRecipe */,
				58DE61922839C13B00F25769 /* LullabyRecipeTests */,
				58DE619C2839C13B00F25769 /* LullabyRecipeUITests */,
				58DE61802839C13900F25769 /* Products */,
				CCF0D9872887745E00F61495 /* Recovered References */,
			);
			sourceTree = "<group>";
		};
		58DE61802839C13900F25769 /* Products */ = {
			isa = PBXGroup;
			children = (
				58DE617F2839C13900F25769 /* LullabyRecipe.app */,
				58DE618F2839C13B00F25769 /* LullabyRecipeTests.xctest */,
				58DE61992839C13B00F25769 /* LullabyRecipeUITests.xctest */,
			);
			name = Products;
			sourceTree = "<group>";
		};
		58DE61812839C13900F25769 /* LullabyRecipe */ = {
			isa = PBXGroup;
			children = (
				58DE61BE283E77E700F25769 /* Info.plist */,
				58DE1030283DF6DA002CDB9F /* Utilities */,
				58DE1022283DF536002CDB9F /* Resource */,
				58DE61842839C13900F25769 /* CdLibraryView.swift */,
				58DE1035283F5193002CDB9F /* Manager */,
				58DE61B5283A8F4500F25769 /* Views */,
				58DE61B0283A8E0700F25769 /* Model */,
				58DE61822839C13900F25769 /* LullabyRecipeApp.swift */,
				58DE61862839C13A00F25769 /* Assets.xcassets */,
				58DE61C12841C20A00F25769 /* Launch Screen.storyboard */,
				58DE61882839C13A00F25769 /* Preview Content */,
			);
			path = LullabyRecipe;
			sourceTree = "<group>";
		};
		58DE61882839C13A00F25769 /* Preview Content */ = {
			isa = PBXGroup;
			children = (
				58DE61892839C13A00F25769 /* Preview Assets.xcassets */,
			);
			path = "Preview Content";
			sourceTree = "<group>";
		};
		58DE61922839C13B00F25769 /* LullabyRecipeTests */ = {
			isa = PBXGroup;
			children = (
				58DE61932839C13B00F25769 /* LullabyRecipeTests.swift */,
			);
			path = LullabyRecipeTests;
			sourceTree = "<group>";
		};
		58DE619C2839C13B00F25769 /* LullabyRecipeUITests */ = {
			isa = PBXGroup;
			children = (
				58DE619D2839C13B00F25769 /* LullabyRecipeUITests.swift */,
				58DE619F2839C13B00F25769 /* LullabyRecipeUITestsLaunchTests.swift */,
			);
			path = LullabyRecipeUITests;
			sourceTree = "<group>";
		};
		58DE61B0283A8E0700F25769 /* Model */ = {
			isa = PBXGroup;
			children = (
				58DE61B1283A8E1700F25769 /* Sound.swift */,
				4A5769AB2866F20A007CCAE9 /* MixedSound.swift */,
				4A5769AD2866F44E007CCAE9 /* DummyData.swift */,
			);
			path = Model;
			sourceTree = "<group>";
		};
		58DE61B5283A8F4500F25769 /* Views */ = {
			isa = PBXGroup;
			children = (
				CCF0D9882887748500F61495 /* CustomTabView.swift */,
				583AA0EF284E0344005A0677 /* Onboarding */,
				58DE103928405C7F002CDB9F /* Home */,
				58DE103828405C6C002CDB9F /* Kitchen */,
			);
			path = Views;
			sourceTree = "<group>";
		};
		CCF0D9872887745E00F61495 /* Recovered References */ = {
			isa = PBXGroup;
			children = (
				2150BD0E2876CB89006C8312 /* CustomTabView.swift */,
			);
			name = "Recovered References";
			sourceTree = "<group>";
		};
/* End PBXGroup section */

/* Begin PBXNativeTarget section */
		58DE617E2839C13900F25769 /* LullabyRecipe */ = {
			isa = PBXNativeTarget;
			buildConfigurationList = 58DE61A32839C13B00F25769 /* Build configuration list for PBXNativeTarget "LullabyRecipe" */;
			buildPhases = (
				58DE617B2839C13900F25769 /* Sources */,
				58DE617C2839C13900F25769 /* Frameworks */,
				58DE617D2839C13900F25769 /* Resources */,
			);
			buildRules = (
			);
			dependencies = (
			);
			name = LullabyRecipe;
			productName = LullabyRecipe;
			productReference = 58DE617F2839C13900F25769 /* LullabyRecipe.app */;
			productType = "com.apple.product-type.application";
		};
		58DE618E2839C13B00F25769 /* LullabyRecipeTests */ = {
			isa = PBXNativeTarget;
			buildConfigurationList = 58DE61A62839C13B00F25769 /* Build configuration list for PBXNativeTarget "LullabyRecipeTests" */;
			buildPhases = (
				58DE618B2839C13B00F25769 /* Sources */,
				58DE618C2839C13B00F25769 /* Frameworks */,
				58DE618D2839C13B00F25769 /* Resources */,
			);
			buildRules = (
			);
			dependencies = (
				58DE61912839C13B00F25769 /* PBXTargetDependency */,
			);
			name = LullabyRecipeTests;
			productName = LullabyRecipeTests;
			productReference = 58DE618F2839C13B00F25769 /* LullabyRecipeTests.xctest */;
			productType = "com.apple.product-type.bundle.unit-test";
		};
		58DE61982839C13B00F25769 /* LullabyRecipeUITests */ = {
			isa = PBXNativeTarget;
			buildConfigurationList = 58DE61A92839C13B00F25769 /* Build configuration list for PBXNativeTarget "LullabyRecipeUITests" */;
			buildPhases = (
				58DE61952839C13B00F25769 /* Sources */,
				58DE61962839C13B00F25769 /* Frameworks */,
				58DE61972839C13B00F25769 /* Resources */,
			);
			buildRules = (
			);
			dependencies = (
				58DE619B2839C13B00F25769 /* PBXTargetDependency */,
			);
			name = LullabyRecipeUITests;
			productName = LullabyRecipeUITests;
			productReference = 58DE61992839C13B00F25769 /* LullabyRecipeUITests.xctest */;
			productType = "com.apple.product-type.bundle.ui-testing";
		};
/* End PBXNativeTarget section */

/* Begin PBXProject section */
		58DE61772839C13900F25769 /* Project object */ = {
			isa = PBXProject;
			attributes = {
				BuildIndependentTargetsInParallel = 1;
				LastSwiftUpdateCheck = 1340;
				LastUpgradeCheck = 1340;
				TargetAttributes = {
					58DE617E2839C13900F25769 = {
						CreatedOnToolsVersion = 13.4;
					};
					58DE618E2839C13B00F25769 = {
						CreatedOnToolsVersion = 13.4;
						TestTargetID = 58DE617E2839C13900F25769;
					};
					58DE61982839C13B00F25769 = {
						CreatedOnToolsVersion = 13.4;
						TestTargetID = 58DE617E2839C13900F25769;
					};
				};
			};
			buildConfigurationList = 58DE617A2839C13900F25769 /* Build configuration list for PBXProject "LullabyRecipe" */;
			compatibilityVersion = "Xcode 13.0";
			developmentRegion = en;
			hasScannedForEncodings = 0;
			knownRegions = (
				en,
				Base,
				ko,
			);
			mainGroup = 58DE61762839C13900F25769;
			productRefGroup = 58DE61802839C13900F25769 /* Products */;
			projectDirPath = "";
			projectRoot = "";
			targets = (
				58DE617E2839C13900F25769 /* LullabyRecipe */,
				58DE618E2839C13B00F25769 /* LullabyRecipeTests */,
				58DE61982839C13B00F25769 /* LullabyRecipeUITests */,
			);
		};
/* End PBXProject section */

/* Begin PBXResourcesBuildPhase section */
		58DE617D2839C13900F25769 /* Resources */ = {
			isa = PBXResourcesBuildPhase;
			buildActionMask = 2147483647;
			files = (
				580CADB828659FAF0091946C /* Relaxing.mp3 in Resources */,
				580CADAC28659C990091946C /* SpaceMid.mp3 in Resources */,
				58DE618A2839C13A00F25769 /* Preview Assets.xcassets in Resources */,
				58DE61872839C13A00F25769 /* Assets.xcassets in Resources */,
				580CADBB28659FAF0091946C /* Garden.mp3 in Resources */,
				580CADAA28659BEF0091946C /* LongSun.mp3 in Resources */,
				580CADBA28659FAF0091946C /* Ambient.mp3 in Resources */,
				580CADBC28659FAF0091946C /* Gymnopedia.mp3 in Resources */,
				58DE61C22841C20A00F25769 /* Launch Screen.storyboard in Resources */,
				580CADC62865A3850091946C /* Wave.mp3 in Resources */,
				580CADC52865A3850091946C /* UmbrellaRain.mp3 in Resources */,
				580CADB928659FAF0091946C /* Wisdom.mp3 in Resources */,
				580CADC42865A3850091946C /* SummerField.mp3 in Resources */,
				580CADB228659CF50091946C /* Oxygen.mp3 in Resources */,
				580CADB028659CF50091946C /* SpaceLow.mp3 in Resources */,
				580CADC32865A3850091946C /* Stream.mp3 in Resources */,
				CCA7F51E2877501E00D6A239 /* Localizable.strings in Resources */,
				580CADB128659CF50091946C /* SpaceHigh.mp3 in Resources */,
				580CADC22865A3850091946C /* DryGrass.mp3 in Resources */,
			);
			runOnlyForDeploymentPostprocessing = 0;
		};
		58DE618D2839C13B00F25769 /* Resources */ = {
			isa = PBXResourcesBuildPhase;
			buildActionMask = 2147483647;
			files = (
			);
			runOnlyForDeploymentPostprocessing = 0;
		};
		58DE61972839C13B00F25769 /* Resources */ = {
			isa = PBXResourcesBuildPhase;
			buildActionMask = 2147483647;
			files = (
			);
			runOnlyForDeploymentPostprocessing = 0;
		};
/* End PBXResourcesBuildPhase section */

/* Begin PBXSourcesBuildPhase section */
		58DE617B2839C13900F25769 /* Sources */ = {
			isa = PBXSourcesBuildPhase;
			buildActionMask = 2147483647;
			files = (
				58DE1021283DD9DD002CDB9F /* MusicViewModel.swift in Sources */,
				58DE61852839C13900F25769 /* CdLibraryView.swift in Sources */,
				58DE1032283DF6E7002CDB9F /* Static.swift in Sources */,
				58DE61AF283A8C8B00F25769 /* KitchenView.swift in Sources */,
				58DE61C52841C54700F25769 /* OnboardingView.swift in Sources */,
				CCF0D9892887748500F61495 /* CustomTabView.swift in Sources */,
				4A5769B02866F6B5007CCAE9 /* UserDefaultsManager.swift in Sources */,
				58DE61B2283A8E1700F25769 /* Sound.swift in Sources */,
				58DE61BD283E542400F25769 /* MixedSoundCardView.swift in Sources */,
				58DE61C72843100100F25769 /* VolumeControlView.swift in Sources */,
				10D26712288EF4C80056339A /* CustomSegmentControlView.swift in Sources */,
				102CCFFA289101AD00B97F8F /* TestNavigateView.swift in Sources */,
				58DE61832839C13900F25769 /* LullabyRecipeApp.swift in Sources */,
				10D26716288EF4DB0056339A /* StudioView.swift in Sources */,
				4A5769AC2866F20A007CCAE9 /* MixedSound.swift in Sources */,
				58DE61B4283A8E4500F25769 /* Recipe.swift in Sources */,
				58DE101C283CA87F002CDB9F /* SoundCardView.swift in Sources */,
				4A5769AE2866F44E007CCAE9 /* DummyData.swift in Sources */,
				CC2820482880102400587334 /* ViewModifiers.swift in Sources */,
				58DE101E283DC913002CDB9F /* AudioManager.swift in Sources */,
                10D26714288EF4D20056339A /* RectPreference.swift in Sources */,
				58DE1034283F1A0A002CDB9F /* CustomAlertView.swift in Sources */,
				58DE61B7283A932E00F25769 /* MusicView.swift in Sources */,
				58DE61B9283A937000F25769 /* HomeView.swift in Sources */,
			);
			runOnlyForDeploymentPostprocessing = 0;
		};
		58DE618B2839C13B00F25769 /* Sources */ = {
			isa = PBXSourcesBuildPhase;
			buildActionMask = 2147483647;
			files = (
				58DE61942839C13B00F25769 /* LullabyRecipeTests.swift in Sources */,
			);
			runOnlyForDeploymentPostprocessing = 0;
		};
		58DE61952839C13B00F25769 /* Sources */ = {
			isa = PBXSourcesBuildPhase;
			buildActionMask = 2147483647;
			files = (
				58DE61A02839C13B00F25769 /* LullabyRecipeUITestsLaunchTests.swift in Sources */,
				58DE619E2839C13B00F25769 /* LullabyRecipeUITests.swift in Sources */,
			);
			runOnlyForDeploymentPostprocessing = 0;
		};
/* End PBXSourcesBuildPhase section */

/* Begin PBXTargetDependency section */
		58DE61912839C13B00F25769 /* PBXTargetDependency */ = {
			isa = PBXTargetDependency;
			target = 58DE617E2839C13900F25769 /* LullabyRecipe */;
			targetProxy = 58DE61902839C13B00F25769 /* PBXContainerItemProxy */;
		};
		58DE619B2839C13B00F25769 /* PBXTargetDependency */ = {
			isa = PBXTargetDependency;
			target = 58DE617E2839C13900F25769 /* LullabyRecipe */;
			targetProxy = 58DE619A2839C13B00F25769 /* PBXContainerItemProxy */;
		};
/* End PBXTargetDependency section */

/* Begin PBXVariantGroup section */
		CCA7F5202877501E00D6A239 /* Localizable.strings */ = {
			isa = PBXVariantGroup;
			children = (
				CCA7F51F2877501E00D6A239 /* en */,
				CCA7F5212877504200D6A239 /* ko */,
			);
			name = Localizable.strings;
			sourceTree = "<group>";
		};
/* End PBXVariantGroup section */

/* Begin XCBuildConfiguration section */
		58DE61A12839C13B00F25769 /* Debug */ = {
			isa = XCBuildConfiguration;
			buildSettings = {
				ALWAYS_SEARCH_USER_PATHS = NO;
				CLANG_ANALYZER_LOCALIZABILITY_NONLOCALIZED = YES;
				CLANG_ANALYZER_NONNULL = YES;
				CLANG_ANALYZER_NUMBER_OBJECT_CONVERSION = YES_AGGRESSIVE;
				CLANG_CXX_LANGUAGE_STANDARD = "gnu++17";
				CLANG_ENABLE_MODULES = YES;
				CLANG_ENABLE_OBJC_ARC = YES;
				CLANG_ENABLE_OBJC_WEAK = YES;
				CLANG_WARN_BLOCK_CAPTURE_AUTORELEASING = YES;
				CLANG_WARN_BOOL_CONVERSION = YES;
				CLANG_WARN_COMMA = YES;
				CLANG_WARN_CONSTANT_CONVERSION = YES;
				CLANG_WARN_DEPRECATED_OBJC_IMPLEMENTATIONS = YES;
				CLANG_WARN_DIRECT_OBJC_ISA_USAGE = YES_ERROR;
				CLANG_WARN_DOCUMENTATION_COMMENTS = YES;
				CLANG_WARN_EMPTY_BODY = YES;
				CLANG_WARN_ENUM_CONVERSION = YES;
				CLANG_WARN_INFINITE_RECURSION = YES;
				CLANG_WARN_INT_CONVERSION = YES;
				CLANG_WARN_NON_LITERAL_NULL_CONVERSION = YES;
				CLANG_WARN_OBJC_IMPLICIT_RETAIN_SELF = YES;
				CLANG_WARN_OBJC_LITERAL_CONVERSION = YES;
				CLANG_WARN_OBJC_ROOT_CLASS = YES_ERROR;
				CLANG_WARN_QUOTED_INCLUDE_IN_FRAMEWORK_HEADER = YES;
				CLANG_WARN_RANGE_LOOP_ANALYSIS = YES;
				CLANG_WARN_STRICT_PROTOTYPES = YES;
				CLANG_WARN_SUSPICIOUS_MOVE = YES;
				CLANG_WARN_UNGUARDED_AVAILABILITY = YES_AGGRESSIVE;
				CLANG_WARN_UNREACHABLE_CODE = YES;
				CLANG_WARN__DUPLICATE_METHOD_MATCH = YES;
				COPY_PHASE_STRIP = NO;
				DEBUG_INFORMATION_FORMAT = dwarf;
				ENABLE_STRICT_OBJC_MSGSEND = YES;
				ENABLE_TESTABILITY = YES;
				GCC_C_LANGUAGE_STANDARD = gnu11;
				GCC_DYNAMIC_NO_PIC = NO;
				GCC_NO_COMMON_BLOCKS = YES;
				GCC_OPTIMIZATION_LEVEL = 0;
				GCC_PREPROCESSOR_DEFINITIONS = (
					"DEBUG=1",
					"$(inherited)",
				);
				GCC_WARN_64_TO_32_BIT_CONVERSION = YES;
				GCC_WARN_ABOUT_RETURN_TYPE = YES_ERROR;
				GCC_WARN_UNDECLARED_SELECTOR = YES;
				GCC_WARN_UNINITIALIZED_AUTOS = YES_AGGRESSIVE;
				GCC_WARN_UNUSED_FUNCTION = YES;
				GCC_WARN_UNUSED_VARIABLE = YES;
				IPHONEOS_DEPLOYMENT_TARGET = 15.0;
				MTL_ENABLE_DEBUG_INFO = INCLUDE_SOURCE;
				MTL_FAST_MATH = YES;
				ONLY_ACTIVE_ARCH = YES;
				SDKROOT = iphoneos;
				SWIFT_ACTIVE_COMPILATION_CONDITIONS = DEBUG;
				SWIFT_OPTIMIZATION_LEVEL = "-Onone";
			};
			name = Debug;
		};
		58DE61A22839C13B00F25769 /* Release */ = {
			isa = XCBuildConfiguration;
			buildSettings = {
				ALWAYS_SEARCH_USER_PATHS = NO;
				CLANG_ANALYZER_LOCALIZABILITY_NONLOCALIZED = YES;
				CLANG_ANALYZER_NONNULL = YES;
				CLANG_ANALYZER_NUMBER_OBJECT_CONVERSION = YES_AGGRESSIVE;
				CLANG_CXX_LANGUAGE_STANDARD = "gnu++17";
				CLANG_ENABLE_MODULES = YES;
				CLANG_ENABLE_OBJC_ARC = YES;
				CLANG_ENABLE_OBJC_WEAK = YES;
				CLANG_WARN_BLOCK_CAPTURE_AUTORELEASING = YES;
				CLANG_WARN_BOOL_CONVERSION = YES;
				CLANG_WARN_COMMA = YES;
				CLANG_WARN_CONSTANT_CONVERSION = YES;
				CLANG_WARN_DEPRECATED_OBJC_IMPLEMENTATIONS = YES;
				CLANG_WARN_DIRECT_OBJC_ISA_USAGE = YES_ERROR;
				CLANG_WARN_DOCUMENTATION_COMMENTS = YES;
				CLANG_WARN_EMPTY_BODY = YES;
				CLANG_WARN_ENUM_CONVERSION = YES;
				CLANG_WARN_INFINITE_RECURSION = YES;
				CLANG_WARN_INT_CONVERSION = YES;
				CLANG_WARN_NON_LITERAL_NULL_CONVERSION = YES;
				CLANG_WARN_OBJC_IMPLICIT_RETAIN_SELF = YES;
				CLANG_WARN_OBJC_LITERAL_CONVERSION = YES;
				CLANG_WARN_OBJC_ROOT_CLASS = YES_ERROR;
				CLANG_WARN_QUOTED_INCLUDE_IN_FRAMEWORK_HEADER = YES;
				CLANG_WARN_RANGE_LOOP_ANALYSIS = YES;
				CLANG_WARN_STRICT_PROTOTYPES = YES;
				CLANG_WARN_SUSPICIOUS_MOVE = YES;
				CLANG_WARN_UNGUARDED_AVAILABILITY = YES_AGGRESSIVE;
				CLANG_WARN_UNREACHABLE_CODE = YES;
				CLANG_WARN__DUPLICATE_METHOD_MATCH = YES;
				COPY_PHASE_STRIP = NO;
				DEBUG_INFORMATION_FORMAT = "dwarf-with-dsym";
				ENABLE_NS_ASSERTIONS = NO;
				ENABLE_STRICT_OBJC_MSGSEND = YES;
				GCC_C_LANGUAGE_STANDARD = gnu11;
				GCC_NO_COMMON_BLOCKS = YES;
				GCC_WARN_64_TO_32_BIT_CONVERSION = YES;
				GCC_WARN_ABOUT_RETURN_TYPE = YES_ERROR;
				GCC_WARN_UNDECLARED_SELECTOR = YES;
				GCC_WARN_UNINITIALIZED_AUTOS = YES_AGGRESSIVE;
				GCC_WARN_UNUSED_FUNCTION = YES;
				GCC_WARN_UNUSED_VARIABLE = YES;
				IPHONEOS_DEPLOYMENT_TARGET = 15.0;
				MTL_ENABLE_DEBUG_INFO = NO;
				MTL_FAST_MATH = YES;
				SDKROOT = iphoneos;
				SWIFT_COMPILATION_MODE = wholemodule;
				SWIFT_OPTIMIZATION_LEVEL = "-O";
				VALIDATE_PRODUCT = YES;
			};
			name = Release;
		};
		58DE61A42839C13B00F25769 /* Debug */ = {
			isa = XCBuildConfiguration;
			buildSettings = {
				ASSETCATALOG_COMPILER_APPICON_NAME = AppIcon;
				ASSETCATALOG_COMPILER_GLOBAL_ACCENT_COLOR_NAME = AccentColor;
				CODE_SIGN_STYLE = Automatic;
				CURRENT_PROJECT_VERSION = 1;
				DEVELOPMENT_ASSET_PATHS = "\"LullabyRecipe/Preview Content\"";
				DEVELOPMENT_TEAM = QGAQ3AY3R3;
				ENABLE_PREVIEWS = YES;
				GENERATE_INFOPLIST_FILE = YES;
				INFOPLIST_FILE = LullabyRecipe/Info.plist;
				INFOPLIST_KEY_UIApplicationSceneManifest_Generation = YES;
				INFOPLIST_KEY_UIApplicationSupportsIndirectInputEvents = YES;
				INFOPLIST_KEY_UILaunchStoryboardName = "Launch Screen";
				INFOPLIST_KEY_UISupportedInterfaceOrientations_iPad = "UIInterfaceOrientationPortrait UIInterfaceOrientationPortraitUpsideDown UIInterfaceOrientationLandscapeLeft UIInterfaceOrientationLandscapeRight";
				INFOPLIST_KEY_UISupportedInterfaceOrientations_iPhone = "UIInterfaceOrientationPortrait UIInterfaceOrientationLandscapeLeft UIInterfaceOrientationLandscapeRight";
				LD_RUNPATH_SEARCH_PATHS = (
					"$(inherited)",
					"@executable_path/Frameworks",
				);
				MARKETING_VERSION = 1.0.3;
				PRODUCT_BUNDLE_IDENTIFIER = com.leeo.LullabyRecipe;
				PRODUCT_NAME = "$(TARGET_NAME)";
				SWIFT_EMIT_LOC_STRINGS = YES;
				SWIFT_VERSION = 5.0;
				TARGETED_DEVICE_FAMILY = 1;
			};
			name = Debug;
		};
		58DE61A52839C13B00F25769 /* Release */ = {
			isa = XCBuildConfiguration;
			buildSettings = {
				ASSETCATALOG_COMPILER_APPICON_NAME = AppIcon;
				ASSETCATALOG_COMPILER_GLOBAL_ACCENT_COLOR_NAME = AccentColor;
				CODE_SIGN_STYLE = Automatic;
				CURRENT_PROJECT_VERSION = 1;
				DEVELOPMENT_ASSET_PATHS = "\"LullabyRecipe/Preview Content\"";
				DEVELOPMENT_TEAM = QGAQ3AY3R3;
				ENABLE_PREVIEWS = YES;
				GENERATE_INFOPLIST_FILE = YES;
				INFOPLIST_FILE = LullabyRecipe/Info.plist;
				INFOPLIST_KEY_UIApplicationSceneManifest_Generation = YES;
				INFOPLIST_KEY_UIApplicationSupportsIndirectInputEvents = YES;
				INFOPLIST_KEY_UILaunchStoryboardName = "Launch Screen";
				INFOPLIST_KEY_UISupportedInterfaceOrientations_iPad = "UIInterfaceOrientationPortrait UIInterfaceOrientationPortraitUpsideDown UIInterfaceOrientationLandscapeLeft UIInterfaceOrientationLandscapeRight";
				INFOPLIST_KEY_UISupportedInterfaceOrientations_iPhone = "UIInterfaceOrientationPortrait UIInterfaceOrientationLandscapeLeft UIInterfaceOrientationLandscapeRight";
				LD_RUNPATH_SEARCH_PATHS = (
					"$(inherited)",
					"@executable_path/Frameworks",
				);
				MARKETING_VERSION = 1.0.3;
				PRODUCT_BUNDLE_IDENTIFIER = com.leeo.LullabyRecipe;
				PRODUCT_NAME = "$(TARGET_NAME)";
				SWIFT_EMIT_LOC_STRINGS = YES;
				SWIFT_VERSION = 5.0;
				TARGETED_DEVICE_FAMILY = 1;
			};
			name = Release;
		};
		58DE61A72839C13B00F25769 /* Debug */ = {
			isa = XCBuildConfiguration;
			buildSettings = {
				ALWAYS_EMBED_SWIFT_STANDARD_LIBRARIES = YES;
				BUNDLE_LOADER = "$(TEST_HOST)";
				CODE_SIGN_STYLE = Automatic;
				CURRENT_PROJECT_VERSION = 1;
				DEVELOPMENT_TEAM = QGAQ3AY3R3;
				GENERATE_INFOPLIST_FILE = YES;
				IPHONEOS_DEPLOYMENT_TARGET = 15.5;
				MARKETING_VERSION = 1.0;
				PRODUCT_BUNDLE_IDENTIFIER = com.leeo.LullabyRecipeTests;
				PRODUCT_NAME = "$(TARGET_NAME)";
				SWIFT_EMIT_LOC_STRINGS = NO;
				SWIFT_VERSION = 5.0;
				TARGETED_DEVICE_FAMILY = "1,2";
				TEST_HOST = "$(BUILT_PRODUCTS_DIR)/LullabyRecipe.app/LullabyRecipe";
			};
			name = Debug;
		};
		58DE61A82839C13B00F25769 /* Release */ = {
			isa = XCBuildConfiguration;
			buildSettings = {
				ALWAYS_EMBED_SWIFT_STANDARD_LIBRARIES = YES;
				BUNDLE_LOADER = "$(TEST_HOST)";
				CODE_SIGN_STYLE = Automatic;
				CURRENT_PROJECT_VERSION = 1;
				DEVELOPMENT_TEAM = QGAQ3AY3R3;
				GENERATE_INFOPLIST_FILE = YES;
				IPHONEOS_DEPLOYMENT_TARGET = 15.5;
				MARKETING_VERSION = 1.0;
				PRODUCT_BUNDLE_IDENTIFIER = com.leeo.LullabyRecipeTests;
				PRODUCT_NAME = "$(TARGET_NAME)";
				SWIFT_EMIT_LOC_STRINGS = NO;
				SWIFT_VERSION = 5.0;
				TARGETED_DEVICE_FAMILY = "1,2";
				TEST_HOST = "$(BUILT_PRODUCTS_DIR)/LullabyRecipe.app/LullabyRecipe";
			};
			name = Release;
		};
		58DE61AA2839C13B00F25769 /* Debug */ = {
			isa = XCBuildConfiguration;
			buildSettings = {
				ALWAYS_EMBED_SWIFT_STANDARD_LIBRARIES = YES;
				CODE_SIGN_STYLE = Automatic;
				CURRENT_PROJECT_VERSION = 1;
				DEVELOPMENT_TEAM = QGAQ3AY3R3;
				GENERATE_INFOPLIST_FILE = YES;
				MARKETING_VERSION = 1.0;
				PRODUCT_BUNDLE_IDENTIFIER = com.leeo.LullabyRecipeUITests;
				PRODUCT_NAME = "$(TARGET_NAME)";
				SWIFT_EMIT_LOC_STRINGS = NO;
				SWIFT_VERSION = 5.0;
				TARGETED_DEVICE_FAMILY = "1,2";
				TEST_TARGET_NAME = LullabyRecipe;
			};
			name = Debug;
		};
		58DE61AB2839C13B00F25769 /* Release */ = {
			isa = XCBuildConfiguration;
			buildSettings = {
				ALWAYS_EMBED_SWIFT_STANDARD_LIBRARIES = YES;
				CODE_SIGN_STYLE = Automatic;
				CURRENT_PROJECT_VERSION = 1;
				DEVELOPMENT_TEAM = QGAQ3AY3R3;
				GENERATE_INFOPLIST_FILE = YES;
				MARKETING_VERSION = 1.0;
				PRODUCT_BUNDLE_IDENTIFIER = com.leeo.LullabyRecipeUITests;
				PRODUCT_NAME = "$(TARGET_NAME)";
				SWIFT_EMIT_LOC_STRINGS = NO;
				SWIFT_VERSION = 5.0;
				TARGETED_DEVICE_FAMILY = "1,2";
				TEST_TARGET_NAME = LullabyRecipe;
			};
			name = Release;
		};
/* End XCBuildConfiguration section */

/* Begin XCConfigurationList section */
		58DE617A2839C13900F25769 /* Build configuration list for PBXProject "LullabyRecipe" */ = {
			isa = XCConfigurationList;
			buildConfigurations = (
				58DE61A12839C13B00F25769 /* Debug */,
				58DE61A22839C13B00F25769 /* Release */,
			);
			defaultConfigurationIsVisible = 0;
			defaultConfigurationName = Release;
		};
		58DE61A32839C13B00F25769 /* Build configuration list for PBXNativeTarget "LullabyRecipe" */ = {
			isa = XCConfigurationList;
			buildConfigurations = (
				58DE61A42839C13B00F25769 /* Debug */,
				58DE61A52839C13B00F25769 /* Release */,
			);
			defaultConfigurationIsVisible = 0;
			defaultConfigurationName = Release;
		};
		58DE61A62839C13B00F25769 /* Build configuration list for PBXNativeTarget "LullabyRecipeTests" */ = {
			isa = XCConfigurationList;
			buildConfigurations = (
				58DE61A72839C13B00F25769 /* Debug */,
				58DE61A82839C13B00F25769 /* Release */,
			);
			defaultConfigurationIsVisible = 0;
			defaultConfigurationName = Release;
		};
		58DE61A92839C13B00F25769 /* Build configuration list for PBXNativeTarget "LullabyRecipeUITests" */ = {
			isa = XCConfigurationList;
			buildConfigurations = (
				58DE61AA2839C13B00F25769 /* Debug */,
				58DE61AB2839C13B00F25769 /* Release */,
			);
			defaultConfigurationIsVisible = 0;
			defaultConfigurationName = Release;
		};
/* End XCConfigurationList section */
	};
	rootObject = 58DE61772839C13900F25769 /* Project object */;
}
