// !$*UTF8*$!
{
	archiveVersion = 1;
	classes = {
	};
	objectVersion = 55;
	objects = {

/* Begin PBXBuildFile section */
		58DE61832839C13900F25769 /* RelaxOnApp.swift in Sources */ = {isa = PBXBuildFile; fileRef = 58DE61822839C13900F25769 /* RelaxOnApp.swift */; };
		58DE618A2839C13A00F25769 /* Preview Assets.xcassets in Resources */ = {isa = PBXBuildFile; fileRef = 58DE61892839C13A00F25769 /* Preview Assets.xcassets */; };
		58DE61C22841C20A00F25769 /* Launch Screen.storyboard in Resources */ = {isa = PBXBuildFile; fileRef = 58DE61C12841C20A00F25769 /* Launch Screen.storyboard */; };
		591570B429F93A5400507DEA /* TimerProgressView.swift in Sources */ = {isa = PBXBuildFile; fileRef = 591570B329F93A5400507DEA /* TimerProgressView.swift */; };
		591570B629F93A7000507DEA /* TimerManager.swift in Sources */ = {isa = PBXBuildFile; fileRef = 591570B529F93A7000507DEA /* TimerManager.swift */; };
		5931DC9D2A3B1D6000FFEF17 /* SnapCircularSlider.swift in Sources */ = {isa = PBXBuildFile; fileRef = 5931DC9C2A3B1D6000FFEF17 /* SnapCircularSlider.swift */; };
		5940125A2A17DCC400221DE7 /* Sink.mp3 in Resources */ = {isa = PBXBuildFile; fileRef = 594012592A17DCC300221DE7 /* Sink.mp3 */; };
		5940125F2A17DCEB00221DE7 /* Basement.mp3 in Resources */ = {isa = PBXBuildFile; fileRef = 5940125B2A17DCEA00221DE7 /* Basement.mp3 */; };
		594012612A17DCEB00221DE7 /* Cave.mp3 in Resources */ = {isa = PBXBuildFile; fileRef = 5940125D2A17DCEA00221DE7 /* Cave.mp3 */; };
		594012622A17DCEB00221DE7 /* Pipe.mp3 in Resources */ = {isa = PBXBuildFile; fileRef = 5940125E2A17DCEB00221DE7 /* Pipe.mp3 */; };
		594012692A17DD3B00221DE7 /* Vibration.mp3 in Resources */ = {isa = PBXBuildFile; fileRef = 594012642A17DD3B00221DE7 /* Vibration.mp3 */; };
		5940126B2A17DD3B00221DE7 /* Empty.mp3 in Resources */ = {isa = PBXBuildFile; fileRef = 594012662A17DD3B00221DE7 /* Empty.mp3 */; };
		5940126C2A17DD3B00221DE7 /* Training.mp3 in Resources */ = {isa = PBXBuildFile; fileRef = 594012672A17DD3B00221DE7 /* Training.mp3 */; };
		5940126D2A17DD3B00221DE7 /* Focus.mp3 in Resources */ = {isa = PBXBuildFile; fileRef = 594012682A17DD3B00221DE7 /* Focus.mp3 */; };
		594012732A17DD7900221DE7 /* Woodpecker.mp3 in Resources */ = {isa = PBXBuildFile; fileRef = 5940126F2A17DD7800221DE7 /* Woodpecker.mp3 */; };
		594012752A17DD7900221DE7 /* Owl.mp3 in Resources */ = {isa = PBXBuildFile; fileRef = 594012712A17DD7800221DE7 /* Owl.mp3 */; };
		594012762A17DD7900221DE7 /* Forest.mp3 in Resources */ = {isa = PBXBuildFile; fileRef = 594012722A17DD7900221DE7 /* Forest.mp3 */; };
		59DFA0772A30D65E006EB723 /* DragCircularSlider.swift in Sources */ = {isa = PBXBuildFile; fileRef = 59DFA0762A30D65E006EB723 /* DragCircularSlider.swift */; };
		8F00A2392A2332530062B816 /* TimerSoundSelectModalView.swift in Sources */ = {isa = PBXBuildFile; fileRef = 8F00A2382A2332530062B816 /* TimerSoundSelectModalView.swift */; };
		8F00A23B2A2348C20062B816 /* TimerSoundListCell.swift in Sources */ = {isa = PBXBuildFile; fileRef = 8F00A23A2A2348C20062B816 /* TimerSoundListCell.swift */; };
		8F00A23D2A235E5F0062B816 /* OnboardItem.swift in Sources */ = {isa = PBXBuildFile; fileRef = 8F00A23C2A235E5F0062B816 /* OnboardItem.swift */; };
		8F0FC48F29C1D9D500F923A5 /* CustomSound.swift in Sources */ = {isa = PBXBuildFile; fileRef = 8F0FC48E29C1D9D500F923A5 /* CustomSound.swift */; };
		8F0FC49129C1D9F500F923A5 /* OriginalSound.swift in Sources */ = {isa = PBXBuildFile; fileRef = 8F0FC49029C1D9F500F923A5 /* OriginalSound.swift */; };
		8F31407D29D428B900BB5410 /* UserFileManager.swift in Sources */ = {isa = PBXBuildFile; fileRef = 8F31407C29D428B900BB5410 /* UserFileManager.swift */; };
		8F36BFCE2A14F57F00514BBE /* Assets.xcassets in Resources */ = {isa = PBXBuildFile; fileRef = 8F36BFCD2A14F57F00514BBE /* Assets.xcassets */; };
		8F36BFD22A151E4A00514BBE /* Enums.swift in Sources */ = {isa = PBXBuildFile; fileRef = 8F36BFD12A151E4A00514BBE /* Enums.swift */; };
		8F36BFD42A151E6D00514BBE /* Common.swift in Sources */ = {isa = PBXBuildFile; fileRef = 8F36BFD32A151E6D00514BBE /* Common.swift */; };
		8F3F3EB72A221D9D000C2FF1 /* TimePickerView.swift in Sources */ = {isa = PBXBuildFile; fileRef = 8F3F3EB62A221D9C000C2FF1 /* TimePickerView.swift */; };
		8F4B080729D1B38C0011995F /* UserDefaultsManager.swift in Sources */ = {isa = PBXBuildFile; fileRef = 8F4B080629D1B38C0011995F /* UserDefaultsManager.swift */; };
		8F4E1B6129B9A48F0013599C /* MainTabView.swift in Sources */ = {isa = PBXBuildFile; fileRef = 8F4E1B6029B9A48F0013599C /* MainTabView.swift */; };
		8F4E1B6329B9A5AE0013599C /* ListenListView.swift in Sources */ = {isa = PBXBuildFile; fileRef = 8F4E1B6229B9A5AE0013599C /* ListenListView.swift */; };
		8F4E1B6529B9A67E0013599C /* TimerMainView.swift in Sources */ = {isa = PBXBuildFile; fileRef = 8F4E1B6429B9A67E0013599C /* TimerMainView.swift */; };
		8F53BD1729B77875009AE6D1 /* SoundListView.swift in Sources */ = {isa = PBXBuildFile; fileRef = 8F53BD1629B77875009AE6D1 /* SoundListView.swift */; };
		8F53BD1929B77A83009AE6D1 /* SoundDetailView.swift in Sources */ = {isa = PBXBuildFile; fileRef = 8F53BD1829B77A83009AE6D1 /* SoundDetailView.swift */; };
		8F53BD1B29B77A92009AE6D1 /* SoundSaveView.swift in Sources */ = {isa = PBXBuildFile; fileRef = 8F53BD1A29B77A92009AE6D1 /* SoundSaveView.swift */; };
		8F5A0EBF2A15FBDD0061F42C /* SoundPlayerFullModalView.swift in Sources */ = {isa = PBXBuildFile; fileRef = 8F5A0EBE2A15FBDD0061F42C /* SoundPlayerFullModalView.swift */; };
		8F5A0EC12A15FC2F0061F42C /* ListenListCell.swift in Sources */ = {isa = PBXBuildFile; fileRef = 8F5A0EC02A15FC2F0061F42C /* ListenListCell.swift */; };
		8F5A0EC32A15FD750061F42C /* CircleProgressView.swift in Sources */ = {isa = PBXBuildFile; fileRef = 8F5A0EC22A15FD750061F42C /* CircleProgressView.swift */; };
		8F5A0EC52A160B3A0061F42C /* AudioEngineManager.swift in Sources */ = {isa = PBXBuildFile; fileRef = 8F5A0EC42A160B3A0061F42C /* AudioEngineManager.swift */; };
		8F7904862A16598700BE2BAC /* OnboardingView.swift in Sources */ = {isa = PBXBuildFile; fileRef = 8F7904852A16598700BE2BAC /* OnboardingView.swift */; };
		8F7904882A1659A400BE2BAC /* TutorialView.swift in Sources */ = {isa = PBXBuildFile; fileRef = 8F7904872A1659A400BE2BAC /* TutorialView.swift */; };
		8F8B0F4F2A2476CF009A1757 /* Cuckoo.mp3 in Resources */ = {isa = PBXBuildFile; fileRef = 8F8B0F4E2A2476CF009A1757 /* Cuckoo.mp3 */; };
		8F8B0F512A248983009A1757 /* Bundle+Extension.swift in Sources */ = {isa = PBXBuildFile; fileRef = 8F8B0F502A248983009A1757 /* Bundle+Extension.swift */; };
		8F8B0F532A248B9B009A1757 /* FileManager+Extension.swift in Sources */ = {isa = PBXBuildFile; fileRef = 8F8B0F522A248B9A009A1757 /* FileManager+Extension.swift */; };
		8F95E45B2A1F85EC00CDB8D2 /* SoundListView+Extension.swift in Sources */ = {isa = PBXBuildFile; fileRef = 8F95E45A2A1F85EC00CDB8D2 /* SoundListView+Extension.swift */; };
		8FCB23EB2A15F71500188024 /* Color+Extension.swift in Sources */ = {isa = PBXBuildFile; fileRef = 8FCB23EA2A15F71500188024 /* Color+Extension.swift */; };
		8FCB23EF2A15F73500188024 /* String+Extension.swift in Sources */ = {isa = PBXBuildFile; fileRef = 8FCB23EE2A15F73500188024 /* String+Extension.swift */; };
		8FCB23F22A15F83900188024 /* SearchBar.swift in Sources */ = {isa = PBXBuildFile; fileRef = 8FCB23F12A15F83900188024 /* SearchBar.swift */; };
		8FCB23F42A15F85200188024 /* SoundPlayerBottomView.swift in Sources */ = {isa = PBXBuildFile; fileRef = 8FCB23F32A15F85200188024 /* SoundPlayerBottomView.swift */; };
		8FFCCCDD29EE45B400079DCC /* UserDefaults+Extension.swift in Sources */ = {isa = PBXBuildFile; fileRef = 8FFCCCDC29EE45B400079DCC /* UserDefaults+Extension.swift */; };
		8FFCCCDF29EE55DD00079DCC /* AppState.swift in Sources */ = {isa = PBXBuildFile; fileRef = 8FFCCCDE29EE55DD00079DCC /* AppState.swift */; };
		8FFCCCE429EE686B00079DCC /* Errors.swift in Sources */ = {isa = PBXBuildFile; fileRef = 8FFCCCE329EE686B00079DCC /* Errors.swift */; };
		8FFF99E52A1F4E0600E2474C /* SingingBowl.mp3 in Resources */ = {isa = PBXBuildFile; fileRef = 8FFF99E42A1F4E0600E2474C /* SingingBowl.mp3 */; };
		8FFF99E72A1F4E0F00E2474C /* Bird.mp3 in Resources */ = {isa = PBXBuildFile; fileRef = 8FFF99E62A1F4E0F00E2474C /* Bird.mp3 */; };
		8FFF99E92A1F4E1600E2474C /* WaterDrop.mp3 in Resources */ = {isa = PBXBuildFile; fileRef = 8FFF99E82A1F4E1600E2474C /* WaterDrop.mp3 */; };
		8FFF99EB2A1F4FD700E2474C /* CustomSoundViewModel.swift in Sources */ = {isa = PBXBuildFile; fileRef = 8FFF99EA2A1F4FD700E2474C /* CustomSoundViewModel.swift */; };
		8FFF99ED2A1F51F100E2474C /* AudioVariation.swift in Sources */ = {isa = PBXBuildFile; fileRef = 8FFF99EC2A1F51F100E2474C /* AudioVariation.swift */; };
		CC04E26328BDA3F800509C60 /* AppDelegate.swift in Sources */ = {isa = PBXBuildFile; fileRef = CC04E26228BDA3F800509C60 /* AppDelegate.swift */; };
		CC04E26528BDA45900509C60 /* SceneDelegate.swift in Sources */ = {isa = PBXBuildFile; fileRef = CC04E26428BDA45900509C60 /* SceneDelegate.swift */; };
/* End PBXBuildFile section */

/* Begin PBXBuildRule section */
		5958296F2A1F21140009D761 /* PBXBuildRule */ = {
			isa = PBXBuildRule;
			compilerSpec = com.apple.compilers.proxy.script;
			fileType = image.png;
			inputFiles = (
			);
			isEditable = 1;
			outputFiles = (
			);
			script = "# copypng\n";
		};
/* End PBXBuildRule section */

/* Begin PBXCopyFilesBuildPhase section */
		21B7A66E28A31DE800E90744 /* Embed Watch Content */ = {
			isa = PBXCopyFilesBuildPhase;
			buildActionMask = 2147483647;
			dstPath = "$(CONTENTS_FOLDER_PATH)/Watch";
			dstSubfolderSpec = 16;
			files = (
			);
			name = "Embed Watch Content";
			runOnlyForDeploymentPostprocessing = 0;
		};
		CC5AC116289C033D00FE847B /* Embed Foundation Extensions */ = {
			isa = PBXCopyFilesBuildPhase;
			buildActionMask = 12;
			dstPath = "";
			dstSubfolderSpec = 13;
			files = (
			);
			name = "Embed Foundation Extensions";
			runOnlyForDeploymentPostprocessing = 0;
		};
/* End PBXCopyFilesBuildPhase section */

/* Begin PBXFileReference section */
		4AA37CA828D3656800B0F8FF /* LockScreenWidgetExtensionExtension.entitlements */ = {isa = PBXFileReference; lastKnownFileType = text.plist.entitlements; path = LockScreenWidgetExtensionExtension.entitlements; sourceTree = "<group>"; };
		4AA37CA928D370E400B0F8FF /* WatchOSLockScreenWidgetExtension.entitlements */ = {isa = PBXFileReference; lastKnownFileType = text.plist.entitlements; path = WatchOSLockScreenWidgetExtension.entitlements; sourceTree = "<group>"; };
		58DE617F2839C13900F25769 /* RelaxOn.app */ = {isa = PBXFileReference; explicitFileType = wrapper.application; includeInIndex = 0; path = RelaxOn.app; sourceTree = BUILT_PRODUCTS_DIR; };
		58DE61822839C13900F25769 /* RelaxOnApp.swift */ = {isa = PBXFileReference; lastKnownFileType = sourcecode.swift; path = RelaxOnApp.swift; sourceTree = "<group>"; };
		58DE61892839C13A00F25769 /* Preview Assets.xcassets */ = {isa = PBXFileReference; lastKnownFileType = folder.assetcatalog; path = "Preview Assets.xcassets"; sourceTree = "<group>"; };
		58DE61BE283E77E700F25769 /* Info.plist */ = {isa = PBXFileReference; lastKnownFileType = text.plist; path = Info.plist; sourceTree = "<group>"; };
		58DE61C12841C20A00F25769 /* Launch Screen.storyboard */ = {isa = PBXFileReference; lastKnownFileType = file.storyboard; path = "Launch Screen.storyboard"; sourceTree = "<group>"; };
		591570B329F93A5400507DEA /* TimerProgressView.swift */ = {isa = PBXFileReference; lastKnownFileType = sourcecode.swift; path = TimerProgressView.swift; sourceTree = "<group>"; };
		591570B529F93A7000507DEA /* TimerManager.swift */ = {isa = PBXFileReference; lastKnownFileType = sourcecode.swift; path = TimerManager.swift; sourceTree = "<group>"; };
		5931DC9C2A3B1D6000FFEF17 /* SnapCircularSlider.swift */ = {isa = PBXFileReference; lastKnownFileType = sourcecode.swift; path = SnapCircularSlider.swift; sourceTree = "<group>"; };
		594012592A17DCC300221DE7 /* Sink.mp3 */ = {isa = PBXFileReference; lastKnownFileType = audio.mp3; path = Sink.mp3; sourceTree = "<group>"; };
		5940125B2A17DCEA00221DE7 /* Basement.mp3 */ = {isa = PBXFileReference; lastKnownFileType = audio.mp3; path = Basement.mp3; sourceTree = "<group>"; };
		5940125D2A17DCEA00221DE7 /* Cave.mp3 */ = {isa = PBXFileReference; lastKnownFileType = audio.mp3; path = Cave.mp3; sourceTree = "<group>"; };
		5940125E2A17DCEB00221DE7 /* Pipe.mp3 */ = {isa = PBXFileReference; lastKnownFileType = audio.mp3; path = Pipe.mp3; sourceTree = "<group>"; };
		594012642A17DD3B00221DE7 /* Vibration.mp3 */ = {isa = PBXFileReference; lastKnownFileType = audio.mp3; path = Vibration.mp3; sourceTree = "<group>"; };
		594012662A17DD3B00221DE7 /* Empty.mp3 */ = {isa = PBXFileReference; lastKnownFileType = audio.mp3; path = Empty.mp3; sourceTree = "<group>"; };
		594012672A17DD3B00221DE7 /* Training.mp3 */ = {isa = PBXFileReference; lastKnownFileType = audio.mp3; path = Training.mp3; sourceTree = "<group>"; };
		594012682A17DD3B00221DE7 /* Focus.mp3 */ = {isa = PBXFileReference; lastKnownFileType = audio.mp3; path = Focus.mp3; sourceTree = "<group>"; };
		5940126F2A17DD7800221DE7 /* Woodpecker.mp3 */ = {isa = PBXFileReference; lastKnownFileType = audio.mp3; path = Woodpecker.mp3; sourceTree = "<group>"; };
		594012712A17DD7800221DE7 /* Owl.mp3 */ = {isa = PBXFileReference; lastKnownFileType = audio.mp3; path = Owl.mp3; sourceTree = "<group>"; };
		594012722A17DD7900221DE7 /* Forest.mp3 */ = {isa = PBXFileReference; lastKnownFileType = audio.mp3; path = Forest.mp3; sourceTree = "<group>"; };
		59DFA0762A30D65E006EB723 /* DragCircularSlider.swift */ = {isa = PBXFileReference; lastKnownFileType = sourcecode.swift; path = DragCircularSlider.swift; sourceTree = "<group>"; };
		8F00A2382A2332530062B816 /* TimerSoundSelectModalView.swift */ = {isa = PBXFileReference; lastKnownFileType = sourcecode.swift; path = TimerSoundSelectModalView.swift; sourceTree = "<group>"; };
		8F00A23A2A2348C20062B816 /* TimerSoundListCell.swift */ = {isa = PBXFileReference; lastKnownFileType = sourcecode.swift; path = TimerSoundListCell.swift; sourceTree = "<group>"; };
		8F00A23C2A235E5F0062B816 /* OnboardItem.swift */ = {isa = PBXFileReference; lastKnownFileType = sourcecode.swift; path = OnboardItem.swift; sourceTree = "<group>"; };
		8F0FC48E29C1D9D500F923A5 /* CustomSound.swift */ = {isa = PBXFileReference; lastKnownFileType = sourcecode.swift; path = CustomSound.swift; sourceTree = "<group>"; };
		8F0FC49029C1D9F500F923A5 /* OriginalSound.swift */ = {isa = PBXFileReference; lastKnownFileType = sourcecode.swift; path = OriginalSound.swift; sourceTree = "<group>"; };
		8F31407C29D428B900BB5410 /* UserFileManager.swift */ = {isa = PBXFileReference; lastKnownFileType = sourcecode.swift; path = UserFileManager.swift; sourceTree = "<group>"; };
		8F36BFCD2A14F57F00514BBE /* Assets.xcassets */ = {isa = PBXFileReference; lastKnownFileType = folder.assetcatalog; path = Assets.xcassets; sourceTree = "<group>"; };
		8F36BFD12A151E4A00514BBE /* Enums.swift */ = {isa = PBXFileReference; lastKnownFileType = sourcecode.swift; path = Enums.swift; sourceTree = "<group>"; };
		8F36BFD32A151E6D00514BBE /* Common.swift */ = {isa = PBXFileReference; lastKnownFileType = sourcecode.swift; path = Common.swift; sourceTree = "<group>"; };
		8F3F3EB62A221D9C000C2FF1 /* TimePickerView.swift */ = {isa = PBXFileReference; lastKnownFileType = sourcecode.swift; path = TimePickerView.swift; sourceTree = "<group>"; };
		8F4B080629D1B38C0011995F /* UserDefaultsManager.swift */ = {isa = PBXFileReference; lastKnownFileType = sourcecode.swift; path = UserDefaultsManager.swift; sourceTree = "<group>"; };
		8F4E1B6029B9A48F0013599C /* MainTabView.swift */ = {isa = PBXFileReference; lastKnownFileType = sourcecode.swift; path = MainTabView.swift; sourceTree = "<group>"; };
		8F4E1B6229B9A5AE0013599C /* ListenListView.swift */ = {isa = PBXFileReference; lastKnownFileType = sourcecode.swift; path = ListenListView.swift; sourceTree = "<group>"; };
		8F4E1B6429B9A67E0013599C /* TimerMainView.swift */ = {isa = PBXFileReference; lastKnownFileType = sourcecode.swift; path = TimerMainView.swift; sourceTree = "<group>"; };
		8F53BD1629B77875009AE6D1 /* SoundListView.swift */ = {isa = PBXFileReference; lastKnownFileType = sourcecode.swift; path = SoundListView.swift; sourceTree = "<group>"; };
		8F53BD1829B77A83009AE6D1 /* SoundDetailView.swift */ = {isa = PBXFileReference; lastKnownFileType = sourcecode.swift; path = SoundDetailView.swift; sourceTree = "<group>"; };
		8F53BD1A29B77A92009AE6D1 /* SoundSaveView.swift */ = {isa = PBXFileReference; lastKnownFileType = sourcecode.swift; path = SoundSaveView.swift; sourceTree = "<group>"; };
		8F5A0EBE2A15FBDD0061F42C /* SoundPlayerFullModalView.swift */ = {isa = PBXFileReference; lastKnownFileType = sourcecode.swift; path = SoundPlayerFullModalView.swift; sourceTree = "<group>"; };
		8F5A0EC02A15FC2F0061F42C /* ListenListCell.swift */ = {isa = PBXFileReference; lastKnownFileType = sourcecode.swift; path = ListenListCell.swift; sourceTree = "<group>"; };
		8F5A0EC22A15FD750061F42C /* CircleProgressView.swift */ = {isa = PBXFileReference; lastKnownFileType = sourcecode.swift; path = CircleProgressView.swift; sourceTree = "<group>"; };
		8F5A0EC42A160B3A0061F42C /* AudioEngineManager.swift */ = {isa = PBXFileReference; lastKnownFileType = sourcecode.swift; path = AudioEngineManager.swift; sourceTree = "<group>"; };
		8F7904852A16598700BE2BAC /* OnboardingView.swift */ = {isa = PBXFileReference; lastKnownFileType = sourcecode.swift; path = OnboardingView.swift; sourceTree = "<group>"; };
		8F7904872A1659A400BE2BAC /* TutorialView.swift */ = {isa = PBXFileReference; lastKnownFileType = sourcecode.swift; path = TutorialView.swift; sourceTree = "<group>"; };
		8F8B0F4E2A2476CF009A1757 /* Cuckoo.mp3 */ = {isa = PBXFileReference; lastKnownFileType = audio.mp3; path = Cuckoo.mp3; sourceTree = "<group>"; };
		8F8B0F502A248983009A1757 /* Bundle+Extension.swift */ = {isa = PBXFileReference; lastKnownFileType = sourcecode.swift; path = "Bundle+Extension.swift"; sourceTree = "<group>"; };
		8F8B0F522A248B9A009A1757 /* FileManager+Extension.swift */ = {isa = PBXFileReference; lastKnownFileType = sourcecode.swift; path = "FileManager+Extension.swift"; sourceTree = "<group>"; };
		8F95E45A2A1F85EC00CDB8D2 /* SoundListView+Extension.swift */ = {isa = PBXFileReference; lastKnownFileType = sourcecode.swift; path = "SoundListView+Extension.swift"; sourceTree = "<group>"; };
		8FCB23EA2A15F71500188024 /* Color+Extension.swift */ = {isa = PBXFileReference; lastKnownFileType = sourcecode.swift; path = "Color+Extension.swift"; sourceTree = "<group>"; };
		8FCB23EE2A15F73500188024 /* String+Extension.swift */ = {isa = PBXFileReference; lastKnownFileType = sourcecode.swift; path = "String+Extension.swift"; sourceTree = "<group>"; };
		8FCB23F12A15F83900188024 /* SearchBar.swift */ = {isa = PBXFileReference; lastKnownFileType = sourcecode.swift; path = SearchBar.swift; sourceTree = "<group>"; };
		8FCB23F32A15F85200188024 /* SoundPlayerBottomView.swift */ = {isa = PBXFileReference; lastKnownFileType = sourcecode.swift; path = SoundPlayerBottomView.swift; sourceTree = "<group>"; };
		8FFCCCDC29EE45B400079DCC /* UserDefaults+Extension.swift */ = {isa = PBXFileReference; lastKnownFileType = sourcecode.swift; path = "UserDefaults+Extension.swift"; sourceTree = "<group>"; };
		8FFCCCDE29EE55DD00079DCC /* AppState.swift */ = {isa = PBXFileReference; lastKnownFileType = sourcecode.swift; path = AppState.swift; sourceTree = "<group>"; };
		8FFCCCE329EE686B00079DCC /* Errors.swift */ = {isa = PBXFileReference; lastKnownFileType = sourcecode.swift; path = Errors.swift; sourceTree = "<group>"; };
		8FFF99E42A1F4E0600E2474C /* SingingBowl.mp3 */ = {isa = PBXFileReference; lastKnownFileType = audio.mp3; path = SingingBowl.mp3; sourceTree = "<group>"; };
		8FFF99E62A1F4E0F00E2474C /* Bird.mp3 */ = {isa = PBXFileReference; lastKnownFileType = audio.mp3; path = Bird.mp3; sourceTree = "<group>"; };
		8FFF99E82A1F4E1600E2474C /* WaterDrop.mp3 */ = {isa = PBXFileReference; lastKnownFileType = audio.mp3; path = WaterDrop.mp3; sourceTree = "<group>"; };
		8FFF99EA2A1F4FD700E2474C /* CustomSoundViewModel.swift */ = {isa = PBXFileReference; lastKnownFileType = sourcecode.swift; path = CustomSoundViewModel.swift; sourceTree = "<group>"; };
		8FFF99EC2A1F51F100E2474C /* AudioVariation.swift */ = {isa = PBXFileReference; lastKnownFileType = sourcecode.swift; path = AudioVariation.swift; sourceTree = "<group>"; };
		CC04E26228BDA3F800509C60 /* AppDelegate.swift */ = {isa = PBXFileReference; lastKnownFileType = sourcecode.swift; path = AppDelegate.swift; sourceTree = "<group>"; };
		CC04E26428BDA45900509C60 /* SceneDelegate.swift */ = {isa = PBXFileReference; lastKnownFileType = sourcecode.swift; path = SceneDelegate.swift; sourceTree = "<group>"; };
		CC5AC106289C033C00FE847B /* WidgetKit.framework */ = {isa = PBXFileReference; lastKnownFileType = wrapper.framework; name = WidgetKit.framework; path = System/Library/Frameworks/WidgetKit.framework; sourceTree = SDKROOT; };
		CC5AC108289C033C00FE847B /* SwiftUI.framework */ = {isa = PBXFileReference; lastKnownFileType = wrapper.framework; name = SwiftUI.framework; path = System/Library/Frameworks/SwiftUI.framework; sourceTree = SDKROOT; };
		CC5AC18E289D48DD00FE847B /* RelaxOn.entitlements */ = {isa = PBXFileReference; lastKnownFileType = text.plist.entitlements; path = RelaxOn.entitlements; sourceTree = "<group>"; };
		CC5AC18F289D573A00FE847B /* RelaxOnWidgetExtension.entitlements */ = {isa = PBXFileReference; lastKnownFileType = text.plist.entitlements; path = RelaxOnWidgetExtension.entitlements; sourceTree = "<group>"; };
/* End PBXFileReference section */

/* Begin PBXFrameworksBuildPhase section */
		58DE617C2839C13900F25769 /* Frameworks */ = {
			isa = PBXFrameworksBuildPhase;
			buildActionMask = 2147483647;
			files = (
			);
			runOnlyForDeploymentPostprocessing = 0;
		};
/* End PBXFrameworksBuildPhase section */

/* Begin PBXGroup section */
		58DE61762839C13900F25769 = {
			isa = PBXGroup;
			children = (
				4AA37CA928D370E400B0F8FF /* WatchOSLockScreenWidgetExtension.entitlements */,
				4AA37CA828D3656800B0F8FF /* LockScreenWidgetExtensionExtension.entitlements */,
				CC5AC18F289D573A00FE847B /* RelaxOnWidgetExtension.entitlements */,
				58DE61812839C13900F25769 /* RelaxOn */,
				CC5AC105289C033C00FE847B /* Frameworks */,
				58DE61802839C13900F25769 /* Products */,
			);
			sourceTree = "<group>";
		};
		58DE61802839C13900F25769 /* Products */ = {
			isa = PBXGroup;
			children = (
				58DE617F2839C13900F25769 /* RelaxOn.app */,
			);
			name = Products;
			sourceTree = "<group>";
		};
		58DE61812839C13900F25769 /* RelaxOn */ = {
			isa = PBXGroup;
			children = (
				CC5AC18E289D48DD00FE847B /* RelaxOn.entitlements */,
				58DE61BE283E77E700F25769 /* Info.plist */,
				C7C4C25628C23A3B0048DCBA /* App */,
				58DE61C12841C20A00F25769 /* Launch Screen.storyboard */,
				58DE61882839C13A00F25769 /* Preview Content */,
			);
			path = RelaxOn;
			sourceTree = "<group>";
		};
		58DE61882839C13A00F25769 /* Preview Content */ = {
			isa = PBXGroup;
			children = (
				58DE61892839C13A00F25769 /* Preview Assets.xcassets */,
			);
			path = "Preview Content";
			sourceTree = "<group>";
		};
		594012552A17DAFE00221DE7 /* Sound */ = {
			isa = PBXGroup;
			children = (
				5940126E2A17DD6B00221DE7 /* Bird */,
				594012632A17DD1400221DE7 /* SingingBowl */,
				594012562A17DB0400221DE7 /* WaterDrop */,
			);
			path = Sound;
			sourceTree = "<group>";
		};
		594012562A17DB0400221DE7 /* WaterDrop */ = {
			isa = PBXGroup;
			children = (
				8FFF99E82A1F4E1600E2474C /* WaterDrop.mp3 */,
				5940125B2A17DCEA00221DE7 /* Basement.mp3 */,
				5940125D2A17DCEA00221DE7 /* Cave.mp3 */,
				5940125E2A17DCEB00221DE7 /* Pipe.mp3 */,
				594012592A17DCC300221DE7 /* Sink.mp3 */,
			);
			path = WaterDrop;
			sourceTree = "<group>";
		};
		594012632A17DD1400221DE7 /* SingingBowl */ = {
			isa = PBXGroup;
			children = (
				8FFF99E42A1F4E0600E2474C /* SingingBowl.mp3 */,
				594012662A17DD3B00221DE7 /* Empty.mp3 */,
				594012682A17DD3B00221DE7 /* Focus.mp3 */,
				594012672A17DD3B00221DE7 /* Training.mp3 */,
				594012642A17DD3B00221DE7 /* Vibration.mp3 */,
			);
			path = SingingBowl;
			sourceTree = "<group>";
		};
		5940126E2A17DD6B00221DE7 /* Bird */ = {
			isa = PBXGroup;
			children = (
				8F8B0F4E2A2476CF009A1757 /* Cuckoo.mp3 */,
				8FFF99E62A1F4E0F00E2474C /* Bird.mp3 */,
				594012722A17DD7900221DE7 /* Forest.mp3 */,
				594012712A17DD7800221DE7 /* Owl.mp3 */,
				5940126F2A17DD7800221DE7 /* Woodpecker.mp3 */,
			);
			path = Bird;
			sourceTree = "<group>";
		};
		8F36BFCF2A14F8B100514BBE /* Applications */ = {
			isa = PBXGroup;
			children = (
				CC04E26228BDA3F800509C60 /* AppDelegate.swift */,
				CC04E26428BDA45900509C60 /* SceneDelegate.swift */,
			);
			path = Applications;
			sourceTree = "<group>";
		};
		8F4E1B6829B9B37C0013599C /* Home */ = {
			isa = PBXGroup;
			children = (
				8F53BD1629B77875009AE6D1 /* SoundListView.swift */,
				8F53BD1829B77A83009AE6D1 /* SoundDetailView.swift */,
				8F53BD1A29B77A92009AE6D1 /* SoundSaveView.swift */,
			);
			path = Home;
			sourceTree = "<group>";
		};
		8F4E1B6929B9B3890013599C /* Listen */ = {
			isa = PBXGroup;
			children = (
				8F4E1B6229B9A5AE0013599C /* ListenListView.swift */,
				8F5A0EC02A15FC2F0061F42C /* ListenListCell.swift */,
			);
			path = Listen;
			sourceTree = "<group>";
		};
		8F4E1B6A29B9B3900013599C /* Timer */ = {
			isa = PBXGroup;
			children = (
				591570B329F93A5400507DEA /* TimerProgressView.swift */,
				8F3F3EB62A221D9C000C2FF1 /* TimePickerView.swift */,
				8F00A2382A2332530062B816 /* TimerSoundSelectModalView.swift */,
				8F00A23A2A2348C20062B816 /* TimerSoundListCell.swift */,
				8F4E1B6429B9A67E0013599C /* TimerMainView.swift */,
			);
			path = Timer;
			sourceTree = "<group>";
		};
		8F4E1B6B29B9BE240013599C /* Models */ = {
			isa = PBXGroup;
			children = (
				8F0FC48E29C1D9D500F923A5 /* CustomSound.swift */,
				8F0FC49029C1D9F500F923A5 /* OriginalSound.swift */,
				8FFF99EC2A1F51F100E2474C /* AudioVariation.swift */,
				8F00A23C2A235E5F0062B816 /* OnboardItem.swift */,
			);
			path = Models;
			sourceTree = "<group>";
		};
		8F53BD1C29B77B55009AE6D1 /* Views */ = {
			isa = PBXGroup;
			children = (
				8F4E1B6029B9A48F0013599C /* MainTabView.swift */,
				8F7904832A16596700BE2BAC /* Onboarding */,
				8FCB23F02A15F80D00188024 /* Components */,
				8F4E1B6829B9B37C0013599C /* Home */,
				8F4E1B6929B9B3890013599C /* Listen */,
				8F4E1B6A29B9B3900013599C /* Timer */,
			);
			path = Views;
			sourceTree = "<group>";
		};
		8F7904832A16596700BE2BAC /* Onboarding */ = {
			isa = PBXGroup;
			children = (
				8F7904852A16598700BE2BAC /* OnboardingView.swift */,
				8F7904872A1659A400BE2BAC /* TutorialView.swift */,
			);
			path = Onboarding;
			sourceTree = "<group>";
		};
		8FCB23F02A15F80D00188024 /* Components */ = {
			isa = PBXGroup;
			children = (
				8FCB23F12A15F83900188024 /* SearchBar.swift */,
				8FCB23F32A15F85200188024 /* SoundPlayerBottomView.swift */,
				8F5A0EBE2A15FBDD0061F42C /* SoundPlayerFullModalView.swift */,
				8F5A0EC22A15FD750061F42C /* CircleProgressView.swift */,
				59DFA0762A30D65E006EB723 /* DragCircularSlider.swift */,
				5931DC9C2A3B1D6000FFEF17 /* SnapCircularSlider.swift */,
			);
			path = Components;
			sourceTree = "<group>";
		};
		8FF7603129CD3036002FF43B /* Manager */ = {
			isa = PBXGroup;
			children = (
				591570B529F93A7000507DEA /* TimerManager.swift */,
				8F4B080629D1B38C0011995F /* UserDefaultsManager.swift */,
				8F31407C29D428B900BB5410 /* UserFileManager.swift */,
				8F5A0EC42A160B3A0061F42C /* AudioEngineManager.swift */,
			);
			path = Manager;
			sourceTree = "<group>";
		};
		8FFCCCDB29EE459400079DCC /* Extensions */ = {
			isa = PBXGroup;
			children = (
				8FFCCCDC29EE45B400079DCC /* UserDefaults+Extension.swift */,
				8FCB23EA2A15F71500188024 /* Color+Extension.swift */,
				8FCB23EE2A15F73500188024 /* String+Extension.swift */,
				8F95E45A2A1F85EC00CDB8D2 /* SoundListView+Extension.swift */,
				8F8B0F502A248983009A1757 /* Bundle+Extension.swift */,
				8F8B0F522A248B9A009A1757 /* FileManager+Extension.swift */,
			);
			path = Extensions;
			sourceTree = "<group>";
		};
		8FFCCCE229EE685D00079DCC /* Utils */ = {
			isa = PBXGroup;
			children = (
				8FFCCCE329EE686B00079DCC /* Errors.swift */,
				8F36BFD12A151E4A00514BBE /* Enums.swift */,
				8F36BFD32A151E6D00514BBE /* Common.swift */,
			);
			path = Utils;
			sourceTree = "<group>";
		};
		8FFDBC6E29E646F5008C674B /* ViewModel */ = {
			isa = PBXGroup;
			children = (
				8FFCCCDE29EE55DD00079DCC /* AppState.swift */,
				8FFF99EA2A1F4FD700E2474C /* CustomSoundViewModel.swift */,
			);
			path = ViewModel;
			sourceTree = "<group>";
		};
		C7C4C25528C239FE0048DCBA /* Assets */ = {
			isa = PBXGroup;
			children = (
				594012552A17DAFE00221DE7 /* Sound */,
				8F36BFCD2A14F57F00514BBE /* Assets.xcassets */,
			);
			path = Assets;
			sourceTree = "<group>";
		};
		C7C4C25628C23A3B0048DCBA /* App */ = {
			isa = PBXGroup;
			children = (
				58DE61822839C13900F25769 /* RelaxOnApp.swift */,
				C7C4C25528C239FE0048DCBA /* Assets */,
				8F36BFCF2A14F8B100514BBE /* Applications */,
				8FFCCCE229EE685D00079DCC /* Utils */,
				8FFCCCDB29EE459400079DCC /* Extensions */,
				8FFDBC6E29E646F5008C674B /* ViewModel */,
				8FF7603129CD3036002FF43B /* Manager */,
				8F4E1B6B29B9BE240013599C /* Models */,
				8F53BD1C29B77B55009AE6D1 /* Views */,
			);
			path = App;
			sourceTree = "<group>";
		};
		CC5AC105289C033C00FE847B /* Frameworks */ = {
			isa = PBXGroup;
			children = (
				CC5AC106289C033C00FE847B /* WidgetKit.framework */,
				CC5AC108289C033C00FE847B /* SwiftUI.framework */,
			);
			name = Frameworks;
			sourceTree = "<group>";
		};
/* End PBXGroup section */

/* Begin PBXNativeTarget section */
		58DE617E2839C13900F25769 /* RelaxOn */ = {
			isa = PBXNativeTarget;
			buildConfigurationList = 58DE61A32839C13B00F25769 /* Build configuration list for PBXNativeTarget "RelaxOn" */;
			buildPhases = (
				58DE617B2839C13900F25769 /* Sources */,
				58DE617C2839C13900F25769 /* Frameworks */,
				58DE617D2839C13900F25769 /* Resources */,
				21B7A66E28A31DE800E90744 /* Embed Watch Content */,
				CC5AC116289C033D00FE847B /* Embed Foundation Extensions */,
			);
			buildRules = (
				5958296F2A1F21140009D761 /* PBXBuildRule */,
			);
			dependencies = (
			);
			name = RelaxOn;
			productName = LullabyRecipe;
			productReference = 58DE617F2839C13900F25769 /* RelaxOn.app */;
			productType = "com.apple.product-type.application";
		};
/* End PBXNativeTarget section */

/* Begin PBXProject section */
		58DE61772839C13900F25769 /* Project object */ = {
			isa = PBXProject;
			attributes = {
				BuildIndependentTargetsInParallel = 1;
				LastSwiftUpdateCheck = 1400;
				LastUpgradeCheck = 1430;
				TargetAttributes = {
					58DE617E2839C13900F25769 = {
						CreatedOnToolsVersion = 13.4;
					};
				};
			};
			buildConfigurationList = 58DE617A2839C13900F25769 /* Build configuration list for PBXProject "RelaxOn" */;
			compatibilityVersion = "Xcode 13.0";
			developmentRegion = en;
			hasScannedForEncodings = 0;
			knownRegions = (
				en,
				Base,
				ko,
			);
			mainGroup = 58DE61762839C13900F25769;
			productRefGroup = 58DE61802839C13900F25769 /* Products */;
			projectDirPath = "";
			projectRoot = "";
			targets = (
				58DE617E2839C13900F25769 /* RelaxOn */,
			);
		};
/* End PBXProject section */

/* Begin PBXResourcesBuildPhase section */
		58DE617D2839C13900F25769 /* Resources */ = {
			isa = PBXResourcesBuildPhase;
			buildActionMask = 2147483647;
			files = (
				5940125F2A17DCEB00221DE7 /* Basement.mp3 in Resources */,
				8F36BFCE2A14F57F00514BBE /* Assets.xcassets in Resources */,
				8FFF99E52A1F4E0600E2474C /* SingingBowl.mp3 in Resources */,
				58DE618A2839C13A00F25769 /* Preview Assets.xcassets in Resources */,
				5940125A2A17DCC400221DE7 /* Sink.mp3 in Resources */,
				8F8B0F4F2A2476CF009A1757 /* Cuckoo.mp3 in Resources */,
				594012752A17DD7900221DE7 /* Owl.mp3 in Resources */,
				594012622A17DCEB00221DE7 /* Pipe.mp3 in Resources */,
				8FFF99E72A1F4E0F00E2474C /* Bird.mp3 in Resources */,
				594012612A17DCEB00221DE7 /* Cave.mp3 in Resources */,
				8FFF99E92A1F4E1600E2474C /* WaterDrop.mp3 in Resources */,
				5940126C2A17DD3B00221DE7 /* Training.mp3 in Resources */,
				58DE61C22841C20A00F25769 /* Launch Screen.storyboard in Resources */,
				594012762A17DD7900221DE7 /* Forest.mp3 in Resources */,
				5940126B2A17DD3B00221DE7 /* Empty.mp3 in Resources */,
				594012732A17DD7900221DE7 /* Woodpecker.mp3 in Resources */,
				5940126D2A17DD3B00221DE7 /* Focus.mp3 in Resources */,
				594012692A17DD3B00221DE7 /* Vibration.mp3 in Resources */,
			);
			runOnlyForDeploymentPostprocessing = 0;
		};
/* End PBXResourcesBuildPhase section */

/* Begin PBXSourcesBuildPhase section */
		58DE617B2839C13900F25769 /* Sources */ = {
			isa = PBXSourcesBuildPhase;
			buildActionMask = 2147483647;
			files = (
				8F4E1B6329B9A5AE0013599C /* ListenListView.swift in Sources */,
				CC04E26328BDA3F800509C60 /* AppDelegate.swift in Sources */,
				8F00A2392A2332530062B816 /* TimerSoundSelectModalView.swift in Sources */,
				8FCB23EF2A15F73500188024 /* String+Extension.swift in Sources */,
				8F7904882A1659A400BE2BAC /* TutorialView.swift in Sources */,
				8F4E1B6129B9A48F0013599C /* MainTabView.swift in Sources */,
				8F8B0F532A248B9B009A1757 /* FileManager+Extension.swift in Sources */,
				8F53BD1B29B77A92009AE6D1 /* SoundSaveView.swift in Sources */,
				591570B629F93A7000507DEA /* TimerManager.swift in Sources */,
				591570B429F93A5400507DEA /* TimerProgressView.swift in Sources */,
				8F36BFD42A151E6D00514BBE /* Common.swift in Sources */,
				8F31407D29D428B900BB5410 /* UserFileManager.swift in Sources */,
				59DFA0772A30D65E006EB723 /* DragCircularSlider.swift in Sources */,
				5931DC9D2A3B1D6000FFEF17 /* SnapCircularSlider.swift in Sources */,
				8F5A0EC52A160B3A0061F42C /* AudioEngineManager.swift in Sources */,
				8F5A0EBF2A15FBDD0061F42C /* SoundPlayerFullModalView.swift in Sources */,
				8F36BFD22A151E4A00514BBE /* Enums.swift in Sources */,
				8F5A0EC32A15FD750061F42C /* CircleProgressView.swift in Sources */,
				8FFCCCE429EE686B00079DCC /* Errors.swift in Sources */,
				8FCB23EB2A15F71500188024 /* Color+Extension.swift in Sources */,
				8FFCCCDF29EE55DD00079DCC /* AppState.swift in Sources */,
				8F53BD1929B77A83009AE6D1 /* SoundDetailView.swift in Sources */,
				CC04E26528BDA45900509C60 /* SceneDelegate.swift in Sources */,
				8F8B0F512A248983009A1757 /* Bundle+Extension.swift in Sources */,
				58DE61832839C13900F25769 /* RelaxOnApp.swift in Sources */,
				8FFF99ED2A1F51F100E2474C /* AudioVariation.swift in Sources */,
				8F53BD1729B77875009AE6D1 /* SoundListView.swift in Sources */,
				8FCB23F42A15F85200188024 /* SoundPlayerBottomView.swift in Sources */,
				8F0FC49129C1D9F500F923A5 /* OriginalSound.swift in Sources */,
				8F00A23D2A235E5F0062B816 /* OnboardItem.swift in Sources */,
				8FCB23F22A15F83900188024 /* SearchBar.swift in Sources */,
				8F0FC48F29C1D9D500F923A5 /* CustomSound.swift in Sources */,
				8F5A0EC12A15FC2F0061F42C /* ListenListCell.swift in Sources */,
				8F3F3EB72A221D9D000C2FF1 /* TimePickerView.swift in Sources */,
				8F4B080729D1B38C0011995F /* UserDefaultsManager.swift in Sources */,
				8F00A23B2A2348C20062B816 /* TimerSoundListCell.swift in Sources */,
				8F7904862A16598700BE2BAC /* OnboardingView.swift in Sources */,
				8FFCCCDD29EE45B400079DCC /* UserDefaults+Extension.swift in Sources */,
				8FFF99EB2A1F4FD700E2474C /* CustomSoundViewModel.swift in Sources */,
				8F95E45B2A1F85EC00CDB8D2 /* SoundListView+Extension.swift in Sources */,
				8F4E1B6529B9A67E0013599C /* TimerMainView.swift in Sources */,
			);
			runOnlyForDeploymentPostprocessing = 0;
		};
/* End PBXSourcesBuildPhase section */

/* Begin XCBuildConfiguration section */
		58DE61A12839C13B00F25769 /* Debug */ = {
			isa = XCBuildConfiguration;
			buildSettings = {
				ALWAYS_SEARCH_USER_PATHS = NO;
				CLANG_ANALYZER_LOCALIZABILITY_NONLOCALIZED = YES;
				CLANG_ANALYZER_NONNULL = YES;
				CLANG_ANALYZER_NUMBER_OBJECT_CONVERSION = YES_AGGRESSIVE;
				CLANG_CXX_LANGUAGE_STANDARD = "gnu++17";
				CLANG_ENABLE_MODULES = YES;
				CLANG_ENABLE_OBJC_ARC = YES;
				CLANG_ENABLE_OBJC_WEAK = YES;
				CLANG_WARN_BLOCK_CAPTURE_AUTORELEASING = YES;
				CLANG_WARN_BOOL_CONVERSION = YES;
				CLANG_WARN_COMMA = YES;
				CLANG_WARN_CONSTANT_CONVERSION = YES;
				CLANG_WARN_DEPRECATED_OBJC_IMPLEMENTATIONS = YES;
				CLANG_WARN_DIRECT_OBJC_ISA_USAGE = YES_ERROR;
				CLANG_WARN_DOCUMENTATION_COMMENTS = YES;
				CLANG_WARN_EMPTY_BODY = YES;
				CLANG_WARN_ENUM_CONVERSION = YES;
				CLANG_WARN_INFINITE_RECURSION = YES;
				CLANG_WARN_INT_CONVERSION = YES;
				CLANG_WARN_NON_LITERAL_NULL_CONVERSION = YES;
				CLANG_WARN_OBJC_IMPLICIT_RETAIN_SELF = YES;
				CLANG_WARN_OBJC_LITERAL_CONVERSION = YES;
				CLANG_WARN_OBJC_ROOT_CLASS = YES_ERROR;
				CLANG_WARN_QUOTED_INCLUDE_IN_FRAMEWORK_HEADER = YES;
				CLANG_WARN_RANGE_LOOP_ANALYSIS = YES;
				CLANG_WARN_STRICT_PROTOTYPES = YES;
				CLANG_WARN_SUSPICIOUS_MOVE = YES;
				CLANG_WARN_UNGUARDED_AVAILABILITY = YES_AGGRESSIVE;
				CLANG_WARN_UNREACHABLE_CODE = YES;
				CLANG_WARN__DUPLICATE_METHOD_MATCH = YES;
				COPY_PHASE_STRIP = NO;
				DEBUG_INFORMATION_FORMAT = dwarf;
				ENABLE_STRICT_OBJC_MSGSEND = YES;
				ENABLE_TESTABILITY = YES;
				GCC_C_LANGUAGE_STANDARD = gnu11;
				GCC_DYNAMIC_NO_PIC = NO;
				GCC_NO_COMMON_BLOCKS = YES;
				GCC_OPTIMIZATION_LEVEL = 0;
				GCC_PREPROCESSOR_DEFINITIONS = (
					"DEBUG=1",
					"$(inherited)",
				);
				GCC_WARN_64_TO_32_BIT_CONVERSION = YES;
				GCC_WARN_ABOUT_RETURN_TYPE = YES_ERROR;
				GCC_WARN_UNDECLARED_SELECTOR = YES;
				GCC_WARN_UNINITIALIZED_AUTOS = YES_AGGRESSIVE;
				GCC_WARN_UNUSED_FUNCTION = YES;
				GCC_WARN_UNUSED_VARIABLE = YES;
				IPHONEOS_DEPLOYMENT_TARGET = 15.0;
				MTL_ENABLE_DEBUG_INFO = INCLUDE_SOURCE;
				MTL_FAST_MATH = YES;
				ONLY_ACTIVE_ARCH = YES;
				SDKROOT = iphoneos;
				SWIFT_ACTIVE_COMPILATION_CONDITIONS = DEBUG;
				SWIFT_OPTIMIZATION_LEVEL = "-Onone";
				WATCHOS_DEPLOYMENT_TARGET = 8.0;
			};
			name = Debug;
		};
		58DE61A22839C13B00F25769 /* Release */ = {
			isa = XCBuildConfiguration;
			buildSettings = {
				ALWAYS_SEARCH_USER_PATHS = NO;
				CLANG_ANALYZER_LOCALIZABILITY_NONLOCALIZED = YES;
				CLANG_ANALYZER_NONNULL = YES;
				CLANG_ANALYZER_NUMBER_OBJECT_CONVERSION = YES_AGGRESSIVE;
				CLANG_CXX_LANGUAGE_STANDARD = "gnu++17";
				CLANG_ENABLE_MODULES = YES;
				CLANG_ENABLE_OBJC_ARC = YES;
				CLANG_ENABLE_OBJC_WEAK = YES;
				CLANG_WARN_BLOCK_CAPTURE_AUTORELEASING = YES;
				CLANG_WARN_BOOL_CONVERSION = YES;
				CLANG_WARN_COMMA = YES;
				CLANG_WARN_CONSTANT_CONVERSION = YES;
				CLANG_WARN_DEPRECATED_OBJC_IMPLEMENTATIONS = YES;
				CLANG_WARN_DIRECT_OBJC_ISA_USAGE = YES_ERROR;
				CLANG_WARN_DOCUMENTATION_COMMENTS = YES;
				CLANG_WARN_EMPTY_BODY = YES;
				CLANG_WARN_ENUM_CONVERSION = YES;
				CLANG_WARN_INFINITE_RECURSION = YES;
				CLANG_WARN_INT_CONVERSION = YES;
				CLANG_WARN_NON_LITERAL_NULL_CONVERSION = YES;
				CLANG_WARN_OBJC_IMPLICIT_RETAIN_SELF = YES;
				CLANG_WARN_OBJC_LITERAL_CONVERSION = YES;
				CLANG_WARN_OBJC_ROOT_CLASS = YES_ERROR;
				CLANG_WARN_QUOTED_INCLUDE_IN_FRAMEWORK_HEADER = YES;
				CLANG_WARN_RANGE_LOOP_ANALYSIS = YES;
				CLANG_WARN_STRICT_PROTOTYPES = YES;
				CLANG_WARN_SUSPICIOUS_MOVE = YES;
				CLANG_WARN_UNGUARDED_AVAILABILITY = YES_AGGRESSIVE;
				CLANG_WARN_UNREACHABLE_CODE = YES;
				CLANG_WARN__DUPLICATE_METHOD_MATCH = YES;
				COPY_PHASE_STRIP = NO;
				DEBUG_INFORMATION_FORMAT = "dwarf-with-dsym";
				ENABLE_NS_ASSERTIONS = NO;
				ENABLE_STRICT_OBJC_MSGSEND = YES;
				GCC_C_LANGUAGE_STANDARD = gnu11;
				GCC_NO_COMMON_BLOCKS = YES;
				GCC_WARN_64_TO_32_BIT_CONVERSION = YES;
				GCC_WARN_ABOUT_RETURN_TYPE = YES_ERROR;
				GCC_WARN_UNDECLARED_SELECTOR = YES;
				GCC_WARN_UNINITIALIZED_AUTOS = YES_AGGRESSIVE;
				GCC_WARN_UNUSED_FUNCTION = YES;
				GCC_WARN_UNUSED_VARIABLE = YES;
				IPHONEOS_DEPLOYMENT_TARGET = 15.0;
				MTL_ENABLE_DEBUG_INFO = NO;
				MTL_FAST_MATH = YES;
				SDKROOT = iphoneos;
				SWIFT_OPTIMIZATION_LEVEL = "-Onone";
				VALIDATE_PRODUCT = YES;
				WATCHOS_DEPLOYMENT_TARGET = 8.0;
			};
			name = Release;
		};
		58DE61A42839C13B00F25769 /* Debug */ = {
			isa = XCBuildConfiguration;
			buildSettings = {
				ALWAYS_EMBED_SWIFT_STANDARD_LIBRARIES = YES;
				ASSETCATALOG_COMPILER_APPICON_NAME = AppIcon;
				ASSETCATALOG_COMPILER_GLOBAL_ACCENT_COLOR_NAME = AccentColor;
				CODE_SIGN_ENTITLEMENTS = RelaxOn/RelaxOn.entitlements;
				CODE_SIGN_IDENTITY = "Apple Development";
				"CODE_SIGN_IDENTITY[sdk=iphoneos*]" = "iPhone Developer";
				CODE_SIGN_STYLE = Manual;
				CURRENT_PROJECT_VERSION = 1;
				DEVELOPMENT_ASSET_PATHS = "\"RelaxOn/Preview Content\"";
				DEVELOPMENT_TEAM = "";
				"DEVELOPMENT_TEAM[sdk=iphoneos*]" = QGAQ3AY3R3;
				ENABLE_PREVIEWS = YES;
				GENERATE_INFOPLIST_FILE = YES;
				INFOPLIST_FILE = RelaxOn/Info.plist;
				INFOPLIST_KEY_UIApplicationSceneManifest_Generation = YES;
				INFOPLIST_KEY_UIApplicationSupportsIndirectInputEvents = YES;
				INFOPLIST_KEY_UILaunchStoryboardName = "Launch Screen";
				INFOPLIST_KEY_UISupportedInterfaceOrientations_iPad = "UIInterfaceOrientationPortrait UIInterfaceOrientationPortraitUpsideDown UIInterfaceOrientationLandscapeLeft UIInterfaceOrientationLandscapeRight";
				INFOPLIST_KEY_UISupportedInterfaceOrientations_iPhone = "UIInterfaceOrientationPortrait UIInterfaceOrientationLandscapeLeft UIInterfaceOrientationLandscapeRight";
				IPHONEOS_DEPLOYMENT_TARGET = 16.0;
				LD_RUNPATH_SEARCH_PATHS = (
					"$(inherited)",
					"@executable_path/Frameworks",
				);
				MARKETING_VERSION = 2.0.1;
				PRODUCT_BUNDLE_IDENTIFIER = com.leeo.LullabyRecipe;
				PRODUCT_NAME = "$(TARGET_NAME)";
				PROVISIONING_PROFILE_SPECIFIER = "";
				"PROVISIONING_PROFILE_SPECIFIER[sdk=iphoneos*]" = LullabyRecipe;
				SWIFT_DISABLE_SAFETY_CHECKS = NO;
				SWIFT_EMIT_LOC_STRINGS = YES;
				SWIFT_VERSION = 5.0;
				TARGETED_DEVICE_FAMILY = 1;
			};
			name = Debug;
		};
		58DE61A52839C13B00F25769 /* Release */ = {
			isa = XCBuildConfiguration;
			buildSettings = {
				ALWAYS_EMBED_SWIFT_STANDARD_LIBRARIES = YES;
				ASSETCATALOG_COMPILER_APPICON_NAME = AppIcon;
				ASSETCATALOG_COMPILER_GLOBAL_ACCENT_COLOR_NAME = AccentColor;
				CODE_SIGN_ENTITLEMENTS = RelaxOn/RelaxOn.entitlements;
				CODE_SIGN_IDENTITY = "Apple Development";
				"CODE_SIGN_IDENTITY[sdk=iphoneos*]" = "iPhone Developer";
				CODE_SIGN_STYLE = Manual;
				CURRENT_PROJECT_VERSION = 1;
				DEVELOPMENT_ASSET_PATHS = "\"RelaxOn/Preview Content\"";
				DEVELOPMENT_TEAM = "";
				"DEVELOPMENT_TEAM[sdk=iphoneos*]" = QGAQ3AY3R3;
				ENABLE_PREVIEWS = YES;
				GENERATE_INFOPLIST_FILE = YES;
				INFOPLIST_FILE = RelaxOn/Info.plist;
				INFOPLIST_KEY_UIApplicationSceneManifest_Generation = YES;
				INFOPLIST_KEY_UIApplicationSupportsIndirectInputEvents = YES;
				INFOPLIST_KEY_UILaunchStoryboardName = "Launch Screen";
				INFOPLIST_KEY_UISupportedInterfaceOrientations_iPad = "UIInterfaceOrientationPortrait UIInterfaceOrientationPortraitUpsideDown UIInterfaceOrientationLandscapeLeft UIInterfaceOrientationLandscapeRight";
				INFOPLIST_KEY_UISupportedInterfaceOrientations_iPhone = "UIInterfaceOrientationPortrait UIInterfaceOrientationLandscapeLeft UIInterfaceOrientationLandscapeRight";
				IPHONEOS_DEPLOYMENT_TARGET = 16.0;
				LD_RUNPATH_SEARCH_PATHS = (
					"$(inherited)",
					"@executable_path/Frameworks",
				);
				MARKETING_VERSION = 2.0.1;
				PRODUCT_BUNDLE_IDENTIFIER = com.leeo.LullabyRecipe;
				PRODUCT_NAME = "$(TARGET_NAME)";
				PROVISIONING_PROFILE_SPECIFIER = "";
				"PROVISIONING_PROFILE_SPECIFIER[sdk=iphoneos*]" = LullabyRecipe;
				SWIFT_EMIT_LOC_STRINGS = YES;
				SWIFT_VERSION = 5.0;
				TARGETED_DEVICE_FAMILY = 1;
			};
			name = Release;
		};
/* End XCBuildConfiguration section */

/* Begin XCConfigurationList section */
		58DE617A2839C13900F25769 /* Build configuration list for PBXProject "RelaxOn" */ = {
			isa = XCConfigurationList;
			buildConfigurations = (
				58DE61A12839C13B00F25769 /* Debug */,
				58DE61A22839C13B00F25769 /* Release */,
			);
			defaultConfigurationIsVisible = 0;
			defaultConfigurationName = Release;
		};
		58DE61A32839C13B00F25769 /* Build configuration list for PBXNativeTarget "RelaxOn" */ = {
			isa = XCConfigurationList;
			buildConfigurations = (
				58DE61A42839C13B00F25769 /* Debug */,
				58DE61A52839C13B00F25769 /* Release */,
			);
			defaultConfigurationIsVisible = 0;
			defaultConfigurationName = Release;
		};
/* End XCConfigurationList section */
	};
	rootObject = 58DE61772839C13900F25769 /* Project object */;
}
